// !$*UTF8*$!
{
	archiveVersion = 1;
	classes = {
	};
	objectVersion = 50;
	objects = {

/* Begin PBXBuildFile section */
		A65F231D25B5C1B000A0E870 /* IconSettingsCell.swift in Sources */ = {isa = PBXBuildFile; fileRef = A65F231C25B5C1B000A0E870 /* IconSettingsCell.swift */; };
		A6BB130725B45ECB008C5D8A /* SettingsViewController.swift in Sources */ = {isa = PBXBuildFile; fileRef = A6BB130625B45ECB008C5D8A /* SettingsViewController.swift */; };
		A6BB130C25B46057008C5D8A /* Settings.swift in Sources */ = {isa = PBXBuildFile; fileRef = A6BB130B25B46057008C5D8A /* Settings.swift */; };
		A6BB131025B46BA2008C5D8A /* SettingsNavigationViewController.swift in Sources */ = {isa = PBXBuildFile; fileRef = A6BB130F25B46BA2008C5D8A /* SettingsNavigationViewController.swift */; };
		A6BB131325B46E2D008C5D8A /* SettingsCell.swift in Sources */ = {isa = PBXBuildFile; fileRef = A6BB131225B46E2D008C5D8A /* SettingsCell.swift */; };
		A6BB131B25B472F9008C5D8A /* AppearanceSettingsCell.swift in Sources */ = {isa = PBXBuildFile; fileRef = A6BB131A25B472F9008C5D8A /* AppearanceSettingsCell.swift */; };
		A6BB134125B49FDF008C5D8A /* Localizable.strings in Resources */ = {isa = PBXBuildFile; fileRef = A6BB134325B49FDF008C5D8A /* Localizable.strings */; };
		A6BB134825B4A469008C5D8A /* SettingsButton.swift in Sources */ = {isa = PBXBuildFile; fileRef = A6BB134725B4A469008C5D8A /* SettingsButton.swift */; };
		A6BB134C25B4AEFC008C5D8A /* SettingsExtensions.swift in Sources */ = {isa = PBXBuildFile; fileRef = A6BB134B25B4AEFC008C5D8A /* SettingsExtensions.swift */; };
		A6BB134F25B4B2D0008C5D8A /* CloudSettingsCell.swift in Sources */ = {isa = PBXBuildFile; fileRef = A6BB134E25B4B2D0008C5D8A /* CloudSettingsCell.swift */; };
		A6E3B7EC25B3260200C65157 /* AppDelegate.swift in Sources */ = {isa = PBXBuildFile; fileRef = A6E3B7EB25B3260200C65157 /* AppDelegate.swift */; };
		A6E3B7EE25B3260200C65157 /* SceneDelegate.swift in Sources */ = {isa = PBXBuildFile; fileRef = A6E3B7ED25B3260200C65157 /* SceneDelegate.swift */; };
		A6E3B7F525B3260300C65157 /* Assets.xcassets in Resources */ = {isa = PBXBuildFile; fileRef = A6E3B7F425B3260300C65157 /* Assets.xcassets */; };
		A6E3B7F825B3260300C65157 /* LaunchScreen.storyboard in Resources */ = {isa = PBXBuildFile; fileRef = A6E3B7F625B3260300C65157 /* LaunchScreen.storyboard */; };
		A6E3B82125B32AB400C65157 /* Logger.swift in Sources */ = {isa = PBXBuildFile; fileRef = A6E3B82025B32AB400C65157 /* Logger.swift */; };
		A6E3B82425B32ABE00C65157 /* String.swift in Sources */ = {isa = PBXBuildFile; fileRef = A6E3B82325B32ABE00C65157 /* String.swift */; };
		A6E3B82825B32AD300C65157 /* NavigationButton.swift in Sources */ = {isa = PBXBuildFile; fileRef = A6E3B82725B32AD300C65157 /* NavigationButton.swift */; };
		A6E3B82C25B32AEB00C65157 /* NavigationViewController.swift in Sources */ = {isa = PBXBuildFile; fileRef = A6E3B82B25B32AEB00C65157 /* NavigationViewController.swift */; };
		A6E3B82F25B32B0700C65157 /* InitialViewController.swift in Sources */ = {isa = PBXBuildFile; fileRef = A6E3B82E25B32B0700C65157 /* InitialViewController.swift */; };
		A6E3B83425B32BBC00C65157 /* Node.swift in Sources */ = {isa = PBXBuildFile; fileRef = A6E3B83325B32BBC00C65157 /* Node.swift */; };
		A6E3B83725B32BC500C65157 /* NodeCollector.swift in Sources */ = {isa = PBXBuildFile; fileRef = A6E3B83625B32BC500C65157 /* NodeCollector.swift */; };
		A6E3B83A25B333EC00C65157 /* NodeCell.swift in Sources */ = {isa = PBXBuildFile; fileRef = A6E3B83925B333EC00C65157 /* NodeCell.swift */; };
		A6E3B83D25B3340300C65157 /* UIView.swift in Sources */ = {isa = PBXBuildFile; fileRef = A6E3B83C25B3340300C65157 /* UIView.swift */; };
		A6E3B84125B334AF00C65157 /* InitialExtensions.swift in Sources */ = {isa = PBXBuildFile; fileRef = A6E3B84025B334AF00C65157 /* InitialExtensions.swift */; };
		A6E3B84B25B347C100C65157 /* DrawViewController.swift in Sources */ = {isa = PBXBuildFile; fileRef = A6E3B84A25B347C100C65157 /* DrawViewController.swift */; };
		A6E3B84E25B3495800C65157 /* DrawExtensions.swift in Sources */ = {isa = PBXBuildFile; fileRef = A6E3B84D25B3495800C65157 /* DrawExtensions.swift */; };
		A6E3B85225B34ACB00C65157 /* ThumbnailGenerator.swift in Sources */ = {isa = PBXBuildFile; fileRef = A6E3B85125B34ACB00C65157 /* ThumbnailGenerator.swift */; };
		A6E3B85E25B3673C00C65157 /* UIDevice.swift in Sources */ = {isa = PBXBuildFile; fileRef = A6E3B85D25B3673C00C65157 /* UIDevice.swift */; };
		A6E3B86525B372A800C65157 /* ExportActions.swift in Sources */ = {isa = PBXBuildFile; fileRef = A6E3B86425B372A800C65157 /* ExportActions.swift */; };
		A6E3B86825B374A200C65157 /* MenuActions.swift in Sources */ = {isa = PBXBuildFile; fileRef = A6E3B86725B374A200C65157 /* MenuActions.swift */; };
/* End PBXBuildFile section */

/* Begin PBXFileReference section */
		A65F231C25B5C1B000A0E870 /* IconSettingsCell.swift */ = {isa = PBXFileReference; lastKnownFileType = sourcecode.swift; path = IconSettingsCell.swift; sourceTree = "<group>"; };
		A6BB130625B45ECB008C5D8A /* SettingsViewController.swift */ = {isa = PBXFileReference; lastKnownFileType = sourcecode.swift; path = SettingsViewController.swift; sourceTree = "<group>"; };
		A6BB130B25B46057008C5D8A /* Settings.swift */ = {isa = PBXFileReference; lastKnownFileType = sourcecode.swift; path = Settings.swift; sourceTree = "<group>"; };
		A6BB130F25B46BA2008C5D8A /* SettingsNavigationViewController.swift */ = {isa = PBXFileReference; lastKnownFileType = sourcecode.swift; path = SettingsNavigationViewController.swift; sourceTree = "<group>"; };
		A6BB131225B46E2D008C5D8A /* SettingsCell.swift */ = {isa = PBXFileReference; lastKnownFileType = sourcecode.swift; path = SettingsCell.swift; sourceTree = "<group>"; };
		A6BB131A25B472F9008C5D8A /* AppearanceSettingsCell.swift */ = {isa = PBXFileReference; lastKnownFileType = sourcecode.swift; path = AppearanceSettingsCell.swift; sourceTree = "<group>"; };
		A6BB134025B49F81008C5D8A /* de */ = {isa = PBXFileReference; lastKnownFileType = text.plist.strings; name = de; path = de.lproj/LaunchScreen.strings; sourceTree = "<group>"; };
		A6BB134225B49FDF008C5D8A /* en */ = {isa = PBXFileReference; lastKnownFileType = text.plist.strings; name = en; path = en.lproj/Localizable.strings; sourceTree = "<group>"; };
		A6BB134525B49FE0008C5D8A /* de */ = {isa = PBXFileReference; lastKnownFileType = text.plist.strings; name = de; path = de.lproj/Localizable.strings; sourceTree = "<group>"; };
		A6BB134725B4A469008C5D8A /* SettingsButton.swift */ = {isa = PBXFileReference; lastKnownFileType = sourcecode.swift; path = SettingsButton.swift; sourceTree = "<group>"; };
		A6BB134B25B4AEFC008C5D8A /* SettingsExtensions.swift */ = {isa = PBXFileReference; lastKnownFileType = sourcecode.swift; path = SettingsExtensions.swift; sourceTree = "<group>"; };
		A6BB134E25B4B2D0008C5D8A /* CloudSettingsCell.swift */ = {isa = PBXFileReference; lastKnownFileType = sourcecode.swift; path = CloudSettingsCell.swift; sourceTree = "<group>"; };
		A6E3B7E825B3260200C65157 /* Jottre.app */ = {isa = PBXFileReference; explicitFileType = wrapper.application; includeInIndex = 0; path = Jottre.app; sourceTree = BUILT_PRODUCTS_DIR; };
		A6E3B7EB25B3260200C65157 /* AppDelegate.swift */ = {isa = PBXFileReference; lastKnownFileType = sourcecode.swift; path = AppDelegate.swift; sourceTree = "<group>"; };
		A6E3B7ED25B3260200C65157 /* SceneDelegate.swift */ = {isa = PBXFileReference; lastKnownFileType = sourcecode.swift; path = SceneDelegate.swift; sourceTree = "<group>"; };
		A6E3B7F425B3260300C65157 /* Assets.xcassets */ = {isa = PBXFileReference; lastKnownFileType = folder.assetcatalog; path = Assets.xcassets; sourceTree = "<group>"; };
		A6E3B7F725B3260300C65157 /* Base */ = {isa = PBXFileReference; lastKnownFileType = file.storyboard; name = Base; path = Base.lproj/LaunchScreen.storyboard; sourceTree = "<group>"; };
		A6E3B7F925B3260300C65157 /* Info.plist */ = {isa = PBXFileReference; lastKnownFileType = text.plist.xml; path = Info.plist; sourceTree = "<group>"; };
		A6E3B80025B3261800C65157 /* Jottre.entitlements */ = {isa = PBXFileReference; lastKnownFileType = text.plist.entitlements; path = Jottre.entitlements; sourceTree = "<group>"; };
		A6E3B82025B32AB400C65157 /* Logger.swift */ = {isa = PBXFileReference; lastKnownFileType = sourcecode.swift; path = Logger.swift; sourceTree = "<group>"; };
		A6E3B82325B32ABE00C65157 /* String.swift */ = {isa = PBXFileReference; lastKnownFileType = sourcecode.swift; path = String.swift; sourceTree = "<group>"; };
		A6E3B82725B32AD300C65157 /* NavigationButton.swift */ = {isa = PBXFileReference; lastKnownFileType = sourcecode.swift; path = NavigationButton.swift; sourceTree = "<group>"; };
		A6E3B82B25B32AEB00C65157 /* NavigationViewController.swift */ = {isa = PBXFileReference; lastKnownFileType = sourcecode.swift; path = NavigationViewController.swift; sourceTree = "<group>"; };
		A6E3B82E25B32B0700C65157 /* InitialViewController.swift */ = {isa = PBXFileReference; lastKnownFileType = sourcecode.swift; path = InitialViewController.swift; sourceTree = "<group>"; };
		A6E3B83325B32BBC00C65157 /* Node.swift */ = {isa = PBXFileReference; lastKnownFileType = sourcecode.swift; path = Node.swift; sourceTree = "<group>"; };
		A6E3B83625B32BC500C65157 /* NodeCollector.swift */ = {isa = PBXFileReference; lastKnownFileType = sourcecode.swift; path = NodeCollector.swift; sourceTree = "<group>"; };
		A6E3B83925B333EC00C65157 /* NodeCell.swift */ = {isa = PBXFileReference; lastKnownFileType = sourcecode.swift; path = NodeCell.swift; sourceTree = "<group>"; };
		A6E3B83C25B3340300C65157 /* UIView.swift */ = {isa = PBXFileReference; lastKnownFileType = sourcecode.swift; path = UIView.swift; sourceTree = "<group>"; };
		A6E3B84025B334AF00C65157 /* InitialExtensions.swift */ = {isa = PBXFileReference; lastKnownFileType = sourcecode.swift; path = InitialExtensions.swift; sourceTree = "<group>"; };
		A6E3B84A25B347C100C65157 /* DrawViewController.swift */ = {isa = PBXFileReference; lastKnownFileType = sourcecode.swift; path = DrawViewController.swift; sourceTree = "<group>"; };
		A6E3B84D25B3495800C65157 /* DrawExtensions.swift */ = {isa = PBXFileReference; lastKnownFileType = sourcecode.swift; path = DrawExtensions.swift; sourceTree = "<group>"; };
		A6E3B85125B34ACB00C65157 /* ThumbnailGenerator.swift */ = {isa = PBXFileReference; lastKnownFileType = sourcecode.swift; path = ThumbnailGenerator.swift; sourceTree = "<group>"; };
		A6E3B85D25B3673C00C65157 /* UIDevice.swift */ = {isa = PBXFileReference; lastKnownFileType = sourcecode.swift; name = UIDevice.swift; path = Jottre/Helpers/UIDevice.swift; sourceTree = SOURCE_ROOT; };
		A6E3B86425B372A800C65157 /* ExportActions.swift */ = {isa = PBXFileReference; lastKnownFileType = sourcecode.swift; path = ExportActions.swift; sourceTree = "<group>"; };
		A6E3B86725B374A200C65157 /* MenuActions.swift */ = {isa = PBXFileReference; lastKnownFileType = sourcecode.swift; path = MenuActions.swift; sourceTree = "<group>"; };
/* End PBXFileReference section */

/* Begin PBXFrameworksBuildPhase section */
		A6E3B7E525B3260200C65157 /* Frameworks */ = {
			isa = PBXFrameworksBuildPhase;
			buildActionMask = 2147483647;
			files = (
			);
			runOnlyForDeploymentPostprocessing = 0;
		};
/* End PBXFrameworksBuildPhase section */

/* Begin PBXGroup section */
		A6BB130525B45E52008C5D8A /* SettingsScene */ = {
			isa = PBXGroup;
			children = (
				A6BB130F25B46BA2008C5D8A /* SettingsNavigationViewController.swift */,
				A6BB130625B45ECB008C5D8A /* SettingsViewController.swift */,
				A6BB134B25B4AEFC008C5D8A /* SettingsExtensions.swift */,
			);
			path = SettingsScene;
			sourceTree = "<group>";
		};
		A6BB130925B46047008C5D8A /* Node */ = {
			isa = PBXGroup;
			children = (
				A6E3B83325B32BBC00C65157 /* Node.swift */,
				A6E3B83625B32BC500C65157 /* NodeCollector.swift */,
			);
			path = Node;
			sourceTree = "<group>";
		};
		A6BB130A25B4604C008C5D8A /* Settings */ = {
			isa = PBXGroup;
			children = (
				A6BB130B25B46057008C5D8A /* Settings.swift */,
			);
			path = Settings;
			sourceTree = "<group>";
		};
		A6BB131525B472D9008C5D8A /* SettingsCell */ = {
			isa = PBXGroup;
			children = (
				A6BB131225B46E2D008C5D8A /* SettingsCell.swift */,
				A6BB131A25B472F9008C5D8A /* AppearanceSettingsCell.swift */,
				A6BB134E25B4B2D0008C5D8A /* CloudSettingsCell.swift */,
				A65F231C25B5C1B000A0E870 /* IconSettingsCell.swift */,
			);
			path = SettingsCell;
			sourceTree = "<group>";
		};
		A6E3B7DF25B3260200C65157 = {
			isa = PBXGroup;
			children = (
				A6E3B7EA25B3260200C65157 /* Jottre */,
				A6E3B7E925B3260200C65157 /* Products */,
			);
			sourceTree = "<group>";
		};
		A6E3B7E925B3260200C65157 /* Products */ = {
			isa = PBXGroup;
			children = (
				A6E3B7E825B3260200C65157 /* Jottre.app */,
			);
			name = Products;
			sourceTree = "<group>";
		};
		A6E3B7EA25B3260200C65157 /* Jottre */ = {
			isa = PBXGroup;
			children = (
				A6E3B85025B34ABA00C65157 /* Helpers */,
				A6E3B83225B32BAF00C65157 /* Models */,
				A6E3B81325B3297200C65157 /* Extensions */,
				A6E3B80F25B3295200C65157 /* Views */,
				A6E3B80725B3287C00C65157 /* Controllers */,
				A6E3B80025B3261800C65157 /* Jottre.entitlements */,
				A6E3B7EB25B3260200C65157 /* AppDelegate.swift */,
				A6E3B7ED25B3260200C65157 /* SceneDelegate.swift */,
				A6E3B7F425B3260300C65157 /* Assets.xcassets */,
				A6E3B7F625B3260300C65157 /* LaunchScreen.storyboard */,
				A6E3B7F925B3260300C65157 /* Info.plist */,
				A6BB134325B49FDF008C5D8A /* Localizable.strings */,
			);
			path = Jottre;
			sourceTree = "<group>";
		};
		A6E3B80725B3287C00C65157 /* Controllers */ = {
			isa = PBXGroup;
			children = (
				A6E3B82B25B32AEB00C65157 /* NavigationViewController.swift */,
				A6E3B84925B347AE00C65157 /* DrawScene */,
				A6E3B83F25B3349900C65157 /* InitialScene */,
				A6BB130525B45E52008C5D8A /* SettingsScene */,
			);
			path = Controllers;
			sourceTree = "<group>";
		};
		A6E3B80F25B3295200C65157 /* Views */ = {
			isa = PBXGroup;
			children = (
				A6BB131525B472D9008C5D8A /* SettingsCell */,
				A6E3B83925B333EC00C65157 /* NodeCell.swift */,
				A6E3B82725B32AD300C65157 /* NavigationButton.swift */,
				A6BB134725B4A469008C5D8A /* SettingsButton.swift */,
			);
			path = Views;
			sourceTree = "<group>";
		};
		A6E3B81325B3297200C65157 /* Extensions */ = {
			isa = PBXGroup;
			children = (
				A6E3B82025B32AB400C65157 /* Logger.swift */,
				A6E3B82325B32ABE00C65157 /* String.swift */,
				A6E3B83C25B3340300C65157 /* UIView.swift */,
				A6E3B85D25B3673C00C65157 /* UIDevice.swift */,
			);
			path = Extensions;
			sourceTree = "<group>";
		};
		A6E3B83225B32BAF00C65157 /* Models */ = {
			isa = PBXGroup;
			children = (
				A6BB130A25B4604C008C5D8A /* Settings */,
				A6BB130925B46047008C5D8A /* Node */,
			);
			path = Models;
			sourceTree = "<group>";
		};
		A6E3B83F25B3349900C65157 /* InitialScene */ = {
			isa = PBXGroup;
			children = (
				A6E3B82E25B32B0700C65157 /* InitialViewController.swift */,
				A6E3B84025B334AF00C65157 /* InitialExtensions.swift */,
				A6E3B86725B374A200C65157 /* MenuActions.swift */,
			);
			path = InitialScene;
			sourceTree = "<group>";
		};
		A6E3B84925B347AE00C65157 /* DrawScene */ = {
			isa = PBXGroup;
			children = (
				A6E3B84A25B347C100C65157 /* DrawViewController.swift */,
				A6E3B84D25B3495800C65157 /* DrawExtensions.swift */,
				A6E3B86425B372A800C65157 /* ExportActions.swift */,
			);
			path = DrawScene;
			sourceTree = "<group>";
		};
		A6E3B85025B34ABA00C65157 /* Helpers */ = {
			isa = PBXGroup;
			children = (
				A6E3B85125B34ACB00C65157 /* ThumbnailGenerator.swift */,
			);
			path = Helpers;
			sourceTree = "<group>";
		};
/* End PBXGroup section */

/* Begin PBXNativeTarget section */
		A6E3B7E725B3260200C65157 /* Jottre */ = {
			isa = PBXNativeTarget;
			buildConfigurationList = A6E3B7FC25B3260300C65157 /* Build configuration list for PBXNativeTarget "Jottre" */;
			buildPhases = (
				A6E3B7E425B3260200C65157 /* Sources */,
				A6E3B7E525B3260200C65157 /* Frameworks */,
				A6E3B7E625B3260200C65157 /* Resources */,
			);
			buildRules = (
			);
			dependencies = (
			);
			name = Jottre;
			productName = Jottre;
			productReference = A6E3B7E825B3260200C65157 /* Jottre.app */;
			productType = "com.apple.product-type.application";
		};
/* End PBXNativeTarget section */

/* Begin PBXProject section */
		A6E3B7E025B3260200C65157 /* Project object */ = {
			isa = PBXProject;
			attributes = {
				LastSwiftUpdateCheck = 1230;
				LastUpgradeCheck = 1230;
				TargetAttributes = {
					A6E3B7E725B3260200C65157 = {
						CreatedOnToolsVersion = 12.3;
					};
				};
			};
			buildConfigurationList = A6E3B7E325B3260200C65157 /* Build configuration list for PBXProject "Jottre" */;
			compatibilityVersion = "Xcode 9.3";
			developmentRegion = en;
			hasScannedForEncodings = 0;
			knownRegions = (
				en,
				Base,
				de,
			);
			mainGroup = A6E3B7DF25B3260200C65157;
			productRefGroup = A6E3B7E925B3260200C65157 /* Products */;
			projectDirPath = "";
			projectRoot = "";
			targets = (
				A6E3B7E725B3260200C65157 /* Jottre */,
			);
		};
/* End PBXProject section */

/* Begin PBXResourcesBuildPhase section */
		A6E3B7E625B3260200C65157 /* Resources */ = {
			isa = PBXResourcesBuildPhase;
			buildActionMask = 2147483647;
			files = (
				A6E3B7F825B3260300C65157 /* LaunchScreen.storyboard in Resources */,
				A6BB134125B49FDF008C5D8A /* Localizable.strings in Resources */,
				A6E3B7F525B3260300C65157 /* Assets.xcassets in Resources */,
			);
			runOnlyForDeploymentPostprocessing = 0;
		};
/* End PBXResourcesBuildPhase section */

/* Begin PBXSourcesBuildPhase section */
		A6E3B7E425B3260200C65157 /* Sources */ = {
			isa = PBXSourcesBuildPhase;
			buildActionMask = 2147483647;
			files = (
				A6E3B86525B372A800C65157 /* ExportActions.swift in Sources */,
				A6E3B7EC25B3260200C65157 /* AppDelegate.swift in Sources */,
				A6E3B84125B334AF00C65157 /* InitialExtensions.swift in Sources */,
				A6E3B85225B34ACB00C65157 /* ThumbnailGenerator.swift in Sources */,
				A6BB134825B4A469008C5D8A /* SettingsButton.swift in Sources */,
				A6E3B82C25B32AEB00C65157 /* NavigationViewController.swift in Sources */,
				A6BB130725B45ECB008C5D8A /* SettingsViewController.swift in Sources */,
				A6E3B84E25B3495800C65157 /* DrawExtensions.swift in Sources */,
				A6E3B83D25B3340300C65157 /* UIView.swift in Sources */,
				A6E3B84B25B347C100C65157 /* DrawViewController.swift in Sources */,
				A6E3B85E25B3673C00C65157 /* UIDevice.swift in Sources */,
				A6BB131325B46E2D008C5D8A /* SettingsCell.swift in Sources */,
				A6E3B7EE25B3260200C65157 /* SceneDelegate.swift in Sources */,
				A6E3B83425B32BBC00C65157 /* Node.swift in Sources */,
				A6E3B82F25B32B0700C65157 /* InitialViewController.swift in Sources */,
				A6E3B83A25B333EC00C65157 /* NodeCell.swift in Sources */,
				A65F231D25B5C1B000A0E870 /* IconSettingsCell.swift in Sources */,
				A6BB131B25B472F9008C5D8A /* AppearanceSettingsCell.swift in Sources */,
				A6E3B83725B32BC500C65157 /* NodeCollector.swift in Sources */,
				A6E3B82425B32ABE00C65157 /* String.swift in Sources */,
				A6BB130C25B46057008C5D8A /* Settings.swift in Sources */,
				A6BB134F25B4B2D0008C5D8A /* CloudSettingsCell.swift in Sources */,
				A6BB134C25B4AEFC008C5D8A /* SettingsExtensions.swift in Sources */,
				A6BB131025B46BA2008C5D8A /* SettingsNavigationViewController.swift in Sources */,
				A6E3B82825B32AD300C65157 /* NavigationButton.swift in Sources */,
				A6E3B86825B374A200C65157 /* MenuActions.swift in Sources */,
				A6E3B82125B32AB400C65157 /* Logger.swift in Sources */,
			);
			runOnlyForDeploymentPostprocessing = 0;
		};
/* End PBXSourcesBuildPhase section */

/* Begin PBXVariantGroup section */
		A6BB134325B49FDF008C5D8A /* Localizable.strings */ = {
			isa = PBXVariantGroup;
			children = (
				A6BB134225B49FDF008C5D8A /* en */,
				A6BB134525B49FE0008C5D8A /* de */,
			);
			name = Localizable.strings;
			sourceTree = "<group>";
		};
		A6E3B7F625B3260300C65157 /* LaunchScreen.storyboard */ = {
			isa = PBXVariantGroup;
			children = (
				A6E3B7F725B3260300C65157 /* Base */,
				A6BB134025B49F81008C5D8A /* de */,
			);
			name = LaunchScreen.storyboard;
			sourceTree = "<group>";
		};
/* End PBXVariantGroup section */

/* Begin XCBuildConfiguration section */
		A6E3B7FA25B3260300C65157 /* Debug */ = {
			isa = XCBuildConfiguration;
			buildSettings = {
				ALWAYS_SEARCH_USER_PATHS = NO;
				CLANG_ANALYZER_LOCALIZABILITY_NONLOCALIZED = YES;
				CLANG_ANALYZER_NONNULL = YES;
				CLANG_ANALYZER_NUMBER_OBJECT_CONVERSION = YES_AGGRESSIVE;
				CLANG_CXX_LANGUAGE_STANDARD = "gnu++14";
				CLANG_CXX_LIBRARY = "libc++";
				CLANG_ENABLE_MODULES = YES;
				CLANG_ENABLE_OBJC_ARC = YES;
				CLANG_ENABLE_OBJC_WEAK = YES;
				CLANG_WARN_BLOCK_CAPTURE_AUTORELEASING = YES;
				CLANG_WARN_BOOL_CONVERSION = YES;
				CLANG_WARN_COMMA = YES;
				CLANG_WARN_CONSTANT_CONVERSION = YES;
				CLANG_WARN_DEPRECATED_OBJC_IMPLEMENTATIONS = YES;
				CLANG_WARN_DIRECT_OBJC_ISA_USAGE = YES_ERROR;
				CLANG_WARN_DOCUMENTATION_COMMENTS = YES;
				CLANG_WARN_EMPTY_BODY = YES;
				CLANG_WARN_ENUM_CONVERSION = YES;
				CLANG_WARN_INFINITE_RECURSION = YES;
				CLANG_WARN_INT_CONVERSION = YES;
				CLANG_WARN_NON_LITERAL_NULL_CONVERSION = YES;
				CLANG_WARN_OBJC_IMPLICIT_RETAIN_SELF = YES;
				CLANG_WARN_OBJC_LITERAL_CONVERSION = YES;
				CLANG_WARN_OBJC_ROOT_CLASS = YES_ERROR;
				CLANG_WARN_QUOTED_INCLUDE_IN_FRAMEWORK_HEADER = YES;
				CLANG_WARN_RANGE_LOOP_ANALYSIS = YES;
				CLANG_WARN_STRICT_PROTOTYPES = YES;
				CLANG_WARN_SUSPICIOUS_MOVE = YES;
				CLANG_WARN_UNGUARDED_AVAILABILITY = YES_AGGRESSIVE;
				CLANG_WARN_UNREACHABLE_CODE = YES;
				CLANG_WARN__DUPLICATE_METHOD_MATCH = YES;
				COPY_PHASE_STRIP = NO;
				DEBUG_INFORMATION_FORMAT = dwarf;
				ENABLE_STRICT_OBJC_MSGSEND = YES;
				ENABLE_TESTABILITY = YES;
				GCC_C_LANGUAGE_STANDARD = gnu11;
				GCC_DYNAMIC_NO_PIC = NO;
				GCC_NO_COMMON_BLOCKS = YES;
				GCC_OPTIMIZATION_LEVEL = 0;
				GCC_PREPROCESSOR_DEFINITIONS = (
					"DEBUG=1",
					"$(inherited)",
				);
				GCC_WARN_64_TO_32_BIT_CONVERSION = YES;
				GCC_WARN_ABOUT_RETURN_TYPE = YES_ERROR;
				GCC_WARN_UNDECLARED_SELECTOR = YES;
				GCC_WARN_UNINITIALIZED_AUTOS = YES_AGGRESSIVE;
				GCC_WARN_UNUSED_FUNCTION = YES;
				GCC_WARN_UNUSED_VARIABLE = YES;
				IPHONEOS_DEPLOYMENT_TARGET = 14.3;
				MTL_ENABLE_DEBUG_INFO = INCLUDE_SOURCE;
				MTL_FAST_MATH = YES;
				ONLY_ACTIVE_ARCH = YES;
				SDKROOT = iphoneos;
				SWIFT_ACTIVE_COMPILATION_CONDITIONS = DEBUG;
				SWIFT_OPTIMIZATION_LEVEL = "-Onone";
			};
			name = Debug;
		};
		A6E3B7FB25B3260300C65157 /* Release */ = {
			isa = XCBuildConfiguration;
			buildSettings = {
				ALWAYS_SEARCH_USER_PATHS = NO;
				CLANG_ANALYZER_LOCALIZABILITY_NONLOCALIZED = YES;
				CLANG_ANALYZER_NONNULL = YES;
				CLANG_ANALYZER_NUMBER_OBJECT_CONVERSION = YES_AGGRESSIVE;
				CLANG_CXX_LANGUAGE_STANDARD = "gnu++14";
				CLANG_CXX_LIBRARY = "libc++";
				CLANG_ENABLE_MODULES = YES;
				CLANG_ENABLE_OBJC_ARC = YES;
				CLANG_ENABLE_OBJC_WEAK = YES;
				CLANG_WARN_BLOCK_CAPTURE_AUTORELEASING = YES;
				CLANG_WARN_BOOL_CONVERSION = YES;
				CLANG_WARN_COMMA = YES;
				CLANG_WARN_CONSTANT_CONVERSION = YES;
				CLANG_WARN_DEPRECATED_OBJC_IMPLEMENTATIONS = YES;
				CLANG_WARN_DIRECT_OBJC_ISA_USAGE = YES_ERROR;
				CLANG_WARN_DOCUMENTATION_COMMENTS = YES;
				CLANG_WARN_EMPTY_BODY = YES;
				CLANG_WARN_ENUM_CONVERSION = YES;
				CLANG_WARN_INFINITE_RECURSION = YES;
				CLANG_WARN_INT_CONVERSION = YES;
				CLANG_WARN_NON_LITERAL_NULL_CONVERSION = YES;
				CLANG_WARN_OBJC_IMPLICIT_RETAIN_SELF = YES;
				CLANG_WARN_OBJC_LITERAL_CONVERSION = YES;
				CLANG_WARN_OBJC_ROOT_CLASS = YES_ERROR;
				CLANG_WARN_QUOTED_INCLUDE_IN_FRAMEWORK_HEADER = YES;
				CLANG_WARN_RANGE_LOOP_ANALYSIS = YES;
				CLANG_WARN_STRICT_PROTOTYPES = YES;
				CLANG_WARN_SUSPICIOUS_MOVE = YES;
				CLANG_WARN_UNGUARDED_AVAILABILITY = YES_AGGRESSIVE;
				CLANG_WARN_UNREACHABLE_CODE = YES;
				CLANG_WARN__DUPLICATE_METHOD_MATCH = YES;
				COPY_PHASE_STRIP = NO;
				DEBUG_INFORMATION_FORMAT = "dwarf-with-dsym";
				ENABLE_NS_ASSERTIONS = NO;
				ENABLE_STRICT_OBJC_MSGSEND = YES;
				GCC_C_LANGUAGE_STANDARD = gnu11;
				GCC_NO_COMMON_BLOCKS = YES;
				GCC_WARN_64_TO_32_BIT_CONVERSION = YES;
				GCC_WARN_ABOUT_RETURN_TYPE = YES_ERROR;
				GCC_WARN_UNDECLARED_SELECTOR = YES;
				GCC_WARN_UNINITIALIZED_AUTOS = YES_AGGRESSIVE;
				GCC_WARN_UNUSED_FUNCTION = YES;
				GCC_WARN_UNUSED_VARIABLE = YES;
				IPHONEOS_DEPLOYMENT_TARGET = 14.3;
				MTL_ENABLE_DEBUG_INFO = NO;
				MTL_FAST_MATH = YES;
				SDKROOT = iphoneos;
				SWIFT_COMPILATION_MODE = wholemodule;
				SWIFT_OPTIMIZATION_LEVEL = "-O";
				VALIDATE_PRODUCT = YES;
			};
			name = Release;
		};
		A6E3B7FD25B3260300C65157 /* Debug */ = {
			isa = XCBuildConfiguration;
			buildSettings = {
				ASSETCATALOG_COMPILER_APPICON_NAME = AppIcon;
				ASSETCATALOG_COMPILER_GLOBAL_ACCENT_COLOR_NAME = AccentColor;
				CODE_SIGN_ENTITLEMENTS = Jottre/Jottre.entitlements;
				CODE_SIGN_STYLE = Automatic;
				DEVELOPMENT_TEAM = Y78RPE9KK3;
				INFOPLIST_FILE = Jottre/Info.plist;
				LD_RUNPATH_SEARCH_PATHS = (
					"$(inherited)",
					"@executable_path/Frameworks",
				);
				PRODUCT_BUNDLE_IDENTIFIER = com.antonlorani.jottre;
				PRODUCT_NAME = "$(TARGET_NAME)";
				SUPPORTS_MACCATALYST = YES;
				SWIFT_VERSION = 5.0;
				TARGETED_DEVICE_FAMILY = "1,2";
			};
			name = Debug;
		};
		A6E3B7FE25B3260300C65157 /* Release */ = {
			isa = XCBuildConfiguration;
			buildSettings = {
				ASSETCATALOG_COMPILER_APPICON_NAME = AppIcon;
				ASSETCATALOG_COMPILER_GLOBAL_ACCENT_COLOR_NAME = AccentColor;
				CODE_SIGN_ENTITLEMENTS = Jottre/Jottre.entitlements;
				CODE_SIGN_STYLE = Automatic;
				DEVELOPMENT_TEAM = Y78RPE9KK3;
				INFOPLIST_FILE = Jottre/Info.plist;
				LD_RUNPATH_SEARCH_PATHS = (
					"$(inherited)",
					"@executable_path/Frameworks",
				);
				PRODUCT_BUNDLE_IDENTIFIER = com.antonlorani.jottre;
				PRODUCT_NAME = "$(TARGET_NAME)";
				SUPPORTS_MACCATALYST = YES;
				SWIFT_VERSION = 5.0;
				TARGETED_DEVICE_FAMILY = "1,2";
			};
			name = Release;
		};
/* End XCBuildConfiguration section */

/* Begin XCConfigurationList section */
		A6E3B7E325B3260200C65157 /* Build configuration list for PBXProject "Jottre" */ = {
			isa = XCConfigurationList;
			buildConfigurations = (
				A6E3B7FA25B3260300C65157 /* Debug */,
				A6E3B7FB25B3260300C65157 /* Release */,
			);
			defaultConfigurationIsVisible = 0;
			defaultConfigurationName = Release;
		};
		A6E3B7FC25B3260300C65157 /* Build configuration list for PBXNativeTarget "Jottre" */ = {
			isa = XCConfigurationList;
			buildConfigurations = (
				A6E3B7FD25B3260300C65157 /* Debug */,
				A6E3B7FE25B3260300C65157 /* Release */,
			);
			defaultConfigurationIsVisible = 0;
			defaultConfigurationName = Release;
		};
/* End XCConfigurationList section */
	};
	rootObject = A6E3B7E025B3260200C65157 /* Project object */;
}
