// !$*UTF8*$!
{
	archiveVersion = 1;
	classes = {
	};
	objectVersion = 50;
	objects = {

/* Begin PBXBuildFile section */
		A61A616125EEB2B40030684C /* RedoButton.swift in Sources */ = {isa = PBXBuildFile; fileRef = A61A616025EEB2B40030684C /* RedoButton.swift */; };
		A61A616425EEB34E0030684C /* UndoButton.swift in Sources */ = {isa = PBXBuildFile; fileRef = A61A616325EEB34E0030684C /* UndoButton.swift */; };
		A61A616725EEB44E0030684C /* SpaceButtonBarItem.swift in Sources */ = {isa = PBXBuildFile; fileRef = A61A616625EEB44E0030684C /* SpaceButtonBarItem.swift */; };
		A61BB9FA25D0604200E63CF6 /* ShareButton.swift in Sources */ = {isa = PBXBuildFile; fileRef = A61BB9F925D0604200E63CF6 /* ShareButton.swift */; };
		A61BB9FE25D0608B00E63CF6 /* CustomButtonBarItem.swift in Sources */ = {isa = PBXBuildFile; fileRef = A61BB9FD25D0608B00E63CF6 /* CustomButtonBarItem.swift */; };
		A6330A7F25D05F6700068DE5 /* AddButton.swift in Sources */ = {isa = PBXBuildFile; fileRef = A6330A7E25D05F6700068DE5 /* AddButton.swift */; };
		A6350E5425C9CEFB0059E96E /* NodeExtensions.swift in Sources */ = {isa = PBXBuildFile; fileRef = A6350E5325C9CEFB0059E96E /* NodeExtensions.swift */; };
		A650EE6825C5819500830112 /* NodeCodable.swift in Sources */ = {isa = PBXBuildFile; fileRef = A650EE6725C5819500830112 /* NodeCodable.swift */; };
		A650EE6B25C585D300830112 /* NodeDecoderExtension.swift in Sources */ = {isa = PBXBuildFile; fileRef = A650EE6A25C585D300830112 /* NodeDecoderExtension.swift */; };
		A65F231D25B5C1B000A0E870 /* IconSettingsCell.swift in Sources */ = {isa = PBXBuildFile; fileRef = A65F231C25B5C1B000A0E870 /* IconSettingsCell.swift */; };
		A6659CD228675E3600D6FE75 /* UITableViewCell+ReusableCell.swift in Sources */ = {isa = PBXBuildFile; fileRef = A6659CD128675E3600D6FE75 /* UITableViewCell+ReusableCell.swift */; };
		A6659CD428675E4100D6FE75 /* UICollectionViewCell+ReusableCell.swift in Sources */ = {isa = PBXBuildFile; fileRef = A6659CD328675E4100D6FE75 /* UICollectionViewCell+ReusableCell.swift */; };
		A6659CD628675E4600D6FE75 /* ReusableCell.swift in Sources */ = {isa = PBXBuildFile; fileRef = A6659CD528675E4600D6FE75 /* ReusableCell.swift */; };
		A6659CD828675E5800D6FE75 /* UITableView+dequeueReusableCell.swift in Sources */ = {isa = PBXBuildFile; fileRef = A6659CD728675E5800D6FE75 /* UITableView+dequeueReusableCell.swift */; };
		A6659CDA28675E6100D6FE75 /* UITableView+register.swift in Sources */ = {isa = PBXBuildFile; fileRef = A6659CD928675E6100D6FE75 /* UITableView+register.swift */; };
		A673AEDA2825718800B40EA4 /* PreferencesCell.swift in Sources */ = {isa = PBXBuildFile; fileRef = A673AED92825718800B40EA4 /* PreferencesCell.swift */; };
		A6788A5128245E7300582729 /* ExportNoteAlertContent.swift in Sources */ = {isa = PBXBuildFile; fileRef = A6788A5028245E7300582729 /* ExportNoteAlertContent.swift */; };
		A6788A5328245E7A00582729 /* UIAlert+exportNote.swift in Sources */ = {isa = PBXBuildFile; fileRef = A6788A5228245E7A00582729 /* UIAlert+exportNote.swift */; };
		A69EB85C289DB657004408FB /* Note.swift in Sources */ = {isa = PBXBuildFile; fileRef = A69EB85B289DB657004408FB /* Note.swift */; };
		A69EB863289DB960004408FB /* AddNoteRepository.swift in Sources */ = {isa = PBXBuildFile; fileRef = A69EB862289DB960004408FB /* AddNoteRepository.swift */; };
		A69EB864289DB9F7004408FB /* AddNoteCoordinator.swift in Sources */ = {isa = PBXBuildFile; fileRef = A69EB861289DB947004408FB /* AddNoteCoordinator.swift */; };
		A6A8803E25BAB41E0080DD9D /* Downloader.swift in Sources */ = {isa = PBXBuildFile; fileRef = A6A8803D25BAB41E0080DD9D /* Downloader.swift */; };
		A6BB130725B45ECB008C5D8A /* SettingsViewController.swift in Sources */ = {isa = PBXBuildFile; fileRef = A6BB130625B45ECB008C5D8A /* SettingsViewController.swift */; };
		A6BB130C25B46057008C5D8A /* Settings.swift in Sources */ = {isa = PBXBuildFile; fileRef = A6BB130B25B46057008C5D8A /* Settings.swift */; };
		A6BB131025B46BA2008C5D8A /* SettingsNavigationViewController.swift in Sources */ = {isa = PBXBuildFile; fileRef = A6BB130F25B46BA2008C5D8A /* SettingsNavigationViewController.swift */; };
		A6BB131325B46E2D008C5D8A /* SettingsCell.swift in Sources */ = {isa = PBXBuildFile; fileRef = A6BB131225B46E2D008C5D8A /* SettingsCell.swift */; };
		A6BB131B25B472F9008C5D8A /* AppearanceSettingsCell.swift in Sources */ = {isa = PBXBuildFile; fileRef = A6BB131A25B472F9008C5D8A /* AppearanceSettingsCell.swift */; };
		A6BB134125B49FDF008C5D8A /* Localizable.strings in Resources */ = {isa = PBXBuildFile; fileRef = A6BB134325B49FDF008C5D8A /* Localizable.strings */; };
		A6BB134825B4A469008C5D8A /* SettingsButton.swift in Sources */ = {isa = PBXBuildFile; fileRef = A6BB134725B4A469008C5D8A /* SettingsButton.swift */; };
		A6BB134C25B4AEFC008C5D8A /* SettingsExtensions.swift in Sources */ = {isa = PBXBuildFile; fileRef = A6BB134B25B4AEFC008C5D8A /* SettingsExtensions.swift */; };
		A6BB134F25B4B2D0008C5D8A /* CloudSettingsCell.swift in Sources */ = {isa = PBXBuildFile; fileRef = A6BB134E25B4B2D0008C5D8A /* CloudSettingsCell.swift */; };
		A6C0D70325B9DB9D00336230 /* URL.swift in Sources */ = {isa = PBXBuildFile; fileRef = A6C0D70225B9DB9D00336230 /* URL.swift */; };
		A6C0D70725B9F21400336230 /* PKDrawing.swift in Sources */ = {isa = PBXBuildFile; fileRef = A6C0D70625B9F21400336230 /* PKDrawing.swift */; };
		A6C0D70B25B9F42400336230 /* LoadingView.swift in Sources */ = {isa = PBXBuildFile; fileRef = A6C0D70A25B9F42400336230 /* LoadingView.swift */; };
		A6CEB5042822F06D009FAA84 /* RootViewController.swift in Sources */ = {isa = PBXBuildFile; fileRef = A6CEB5032822F06D009FAA84 /* RootViewController.swift */; };
		A6CEB5062822F072009FAA84 /* RootViewModel.swift in Sources */ = {isa = PBXBuildFile; fileRef = A6CEB5052822F072009FAA84 /* RootViewModel.swift */; };
		A6CEB5082822F100009FAA84 /* RootCoordinator.swift in Sources */ = {isa = PBXBuildFile; fileRef = A6CEB5072822F100009FAA84 /* RootCoordinator.swift */; };
		A6CEB50B2822F12E009FAA84 /* Coordinator.swift in Sources */ = {isa = PBXBuildFile; fileRef = A6CEB50A2822F12E009FAA84 /* Coordinator.swift */; };
		A6CEB50F2822F229009FAA84 /* NoteViewController.swift in Sources */ = {isa = PBXBuildFile; fileRef = A6CEB50E2822F229009FAA84 /* NoteViewController.swift */; };
		A6CEB5112822F22F009FAA84 /* NoteViewModel.swift in Sources */ = {isa = PBXBuildFile; fileRef = A6CEB5102822F22F009FAA84 /* NoteViewModel.swift */; };
		A6CEB5132822F234009FAA84 /* NoteCoordinator.swift in Sources */ = {isa = PBXBuildFile; fileRef = A6CEB5122822F234009FAA84 /* NoteCoordinator.swift */; };
		A6CEB5152822F23F009FAA84 /* PreferencesViewController.swift in Sources */ = {isa = PBXBuildFile; fileRef = A6CEB5142822F23F009FAA84 /* PreferencesViewController.swift */; };
		A6CEB5172822F244009FAA84 /* PreferencesViewModel.swift in Sources */ = {isa = PBXBuildFile; fileRef = A6CEB5162822F244009FAA84 /* PreferencesViewModel.swift */; };
		A6CEB5192822F24A009FAA84 /* PreferencesCoordinator.swift in Sources */ = {isa = PBXBuildFile; fileRef = A6CEB5182822F24A009FAA84 /* PreferencesCoordinator.swift */; };
		A6CEB5202822F6FB009FAA84 /* InfoTextView.swift in Sources */ = {isa = PBXBuildFile; fileRef = A6CEB51F2822F6FB009FAA84 /* InfoTextView.swift */; };
		A6CEB5222822F701009FAA84 /* InfoTextViewModel.swift in Sources */ = {isa = PBXBuildFile; fileRef = A6CEB5212822F701009FAA84 /* InfoTextViewModel.swift */; };
		A6CEB5242822F7FF009FAA84 /* InfoTextViewRepository.swift in Sources */ = {isa = PBXBuildFile; fileRef = A6CEB5232822F7FF009FAA84 /* InfoTextViewRepository.swift */; };
		A6CEB5282822F811009FAA84 /* DeviceDataSource.swift in Sources */ = {isa = PBXBuildFile; fileRef = A6CEB5272822F811009FAA84 /* DeviceDataSource.swift */; };
		A6CEB52A2822F909009FAA84 /* CloudDataSource.swift in Sources */ = {isa = PBXBuildFile; fileRef = A6CEB5292822F909009FAA84 /* CloudDataSource.swift */; };
		A6CEB52C2822FD7E009FAA84 /* LocalizableStringsDataSource.swift in Sources */ = {isa = PBXBuildFile; fileRef = A6CEB52B2822FD7E009FAA84 /* LocalizableStringsDataSource.swift */; };
		A6CEB52E2823018D009FAA84 /* RootRepository.swift in Sources */ = {isa = PBXBuildFile; fileRef = A6CEB52D2823018D009FAA84 /* RootRepository.swift */; };
		A6CEB532282306A8009FAA84 /* AddNoteAlertContent.swift in Sources */ = {isa = PBXBuildFile; fileRef = A6CEB531282306A8009FAA84 /* AddNoteAlertContent.swift */; };
		A6CEB534282308E9009FAA84 /* UIAlert+addNote.swift in Sources */ = {isa = PBXBuildFile; fileRef = A6CEB533282308E9009FAA84 /* UIAlert+addNote.swift */; };
		A6CEB53728230C25009FAA84 /* PreferencesNavigationController.swift in Sources */ = {isa = PBXBuildFile; fileRef = A6CEB53628230C25009FAA84 /* PreferencesNavigationController.swift */; };
		A6CEB53A28230CED009FAA84 /* RootNavigationController.swift in Sources */ = {isa = PBXBuildFile; fileRef = A6CEB53928230CED009FAA84 /* RootNavigationController.swift */; };
		A6CFA37D2865EE4300E5618E /* PreferencesRepository.swift in Sources */ = {isa = PBXBuildFile; fileRef = A6CFA37C2865EE4300E5618E /* PreferencesRepository.swift */; };
		A6CFA3822866111C00E5618E /* PreferencesCustomViewProvider.swift in Sources */ = {isa = PBXBuildFile; fileRef = A6CFA3812866111C00E5618E /* PreferencesCustomViewProvider.swift */; };
		A6CFA384286611BC00E5618E /* SwitchViewProvider.swift in Sources */ = {isa = PBXBuildFile; fileRef = A6CFA383286611BC00E5618E /* SwitchViewProvider.swift */; };
		A6CFA386286613C800E5618E /* ImageViewProvider.swift in Sources */ = {isa = PBXBuildFile; fileRef = A6CFA385286613C800E5618E /* ImageViewProvider.swift */; };
		A6CFA3882866147800E5618E /* TextViewProvider.swift in Sources */ = {isa = PBXBuildFile; fileRef = A6CFA3872866147800E5618E /* TextViewProvider.swift */; };
		A6DB2A072895C18B00FF2A1E /* PreferredUserInterfaceStyleEntry.swift in Sources */ = {isa = PBXBuildFile; fileRef = A6DB2A062895C18B00FF2A1E /* PreferredUserInterfaceStyleEntry.swift */; };
		A6DB2A092895C1D700FF2A1E /* UsingCloudEntry.swift in Sources */ = {isa = PBXBuildFile; fileRef = A6DB2A082895C1D700FF2A1E /* UsingCloudEntry.swift */; };
		A6DB2A102895C82200FF2A1E /* NoteCell.swift in Sources */ = {isa = PBXBuildFile; fileRef = A6DB2A0F2895C82200FF2A1E /* NoteCell.swift */; };
		A6E3B7EC25B3260200C65157 /* AppDelegate.swift in Sources */ = {isa = PBXBuildFile; fileRef = A6E3B7EB25B3260200C65157 /* AppDelegate.swift */; };
		A6E3B7EE25B3260200C65157 /* SceneDelegate.swift in Sources */ = {isa = PBXBuildFile; fileRef = A6E3B7ED25B3260200C65157 /* SceneDelegate.swift */; };
		A6E3B7F525B3260300C65157 /* Assets.xcassets in Resources */ = {isa = PBXBuildFile; fileRef = A6E3B7F425B3260300C65157 /* Assets.xcassets */; };
		A6E3B7F825B3260300C65157 /* LaunchScreen.storyboard in Resources */ = {isa = PBXBuildFile; fileRef = A6E3B7F625B3260300C65157 /* LaunchScreen.storyboard */; };
		A6E3B82125B32AB400C65157 /* Logger.swift in Sources */ = {isa = PBXBuildFile; fileRef = A6E3B82025B32AB400C65157 /* Logger.swift */; };
		A6E3B82425B32ABE00C65157 /* String.swift in Sources */ = {isa = PBXBuildFile; fileRef = A6E3B82325B32ABE00C65157 /* String.swift */; };
		A6E3B82825B32AD300C65157 /* NavigationTextButton.swift in Sources */ = {isa = PBXBuildFile; fileRef = A6E3B82725B32AD300C65157 /* NavigationTextButton.swift */; };
		A6E3B82C25B32AEB00C65157 /* NavigationViewController.swift in Sources */ = {isa = PBXBuildFile; fileRef = A6E3B82B25B32AEB00C65157 /* NavigationViewController.swift */; };
		A6E3B82F25B32B0700C65157 /* InitialViewController.swift in Sources */ = {isa = PBXBuildFile; fileRef = A6E3B82E25B32B0700C65157 /* InitialViewController.swift */; };
		A6E3B83425B32BBC00C65157 /* Node.swift in Sources */ = {isa = PBXBuildFile; fileRef = A6E3B83325B32BBC00C65157 /* Node.swift */; };
		A6E3B83725B32BC500C65157 /* NodeCollector.swift in Sources */ = {isa = PBXBuildFile; fileRef = A6E3B83625B32BC500C65157 /* NodeCollector.swift */; };
		A6E3B83A25B333EC00C65157 /* NodeCell.swift in Sources */ = {isa = PBXBuildFile; fileRef = A6E3B83925B333EC00C65157 /* NodeCell.swift */; };
		A6E3B83D25B3340300C65157 /* UIView.swift in Sources */ = {isa = PBXBuildFile; fileRef = A6E3B83C25B3340300C65157 /* UIView.swift */; };
		A6E3B84125B334AF00C65157 /* InitialExtensions.swift in Sources */ = {isa = PBXBuildFile; fileRef = A6E3B84025B334AF00C65157 /* InitialExtensions.swift */; };
		A6E3B84B25B347C100C65157 /* DrawViewController.swift in Sources */ = {isa = PBXBuildFile; fileRef = A6E3B84A25B347C100C65157 /* DrawViewController.swift */; };
		A6E3B84E25B3495800C65157 /* DrawExtensions.swift in Sources */ = {isa = PBXBuildFile; fileRef = A6E3B84D25B3495800C65157 /* DrawExtensions.swift */; };
		A6E3B85225B34ACB00C65157 /* ThumbnailGenerator.swift in Sources */ = {isa = PBXBuildFile; fileRef = A6E3B85125B34ACB00C65157 /* ThumbnailGenerator.swift */; };
		A6E3B85E25B3673C00C65157 /* UIDevice.swift in Sources */ = {isa = PBXBuildFile; fileRef = A6E3B85D25B3673C00C65157 /* UIDevice.swift */; };
		A6E3B86525B372A800C65157 /* ExportActions.swift in Sources */ = {isa = PBXBuildFile; fileRef = A6E3B86425B372A800C65157 /* ExportActions.swift */; };
		A6E3B86825B374A200C65157 /* MenuActions.swift in Sources */ = {isa = PBXBuildFile; fileRef = A6E3B86725B374A200C65157 /* MenuActions.swift */; };
		A6F60F8525CAA2CC002CAAE4 /* Data.swift in Sources */ = {isa = PBXBuildFile; fileRef = A6F60F8425CAA2CC002CAAE4 /* Data.swift */; };
		A6F9A77828671CF30094ABE1 /* CustomUserInterfaceStyle.swift in Sources */ = {isa = PBXBuildFile; fileRef = A6F9A77728671CF30094ABE1 /* CustomUserInterfaceStyle.swift */; };
		A6F9A77928671D590094ABE1 /* Defaults.swift in Sources */ = {isa = PBXBuildFile; fileRef = A6F9A77028671BAD0094ABE1 /* Defaults.swift */; };
		A6F9A77C286725430094ABE1 /* URLConvertible.swift in Sources */ = {isa = PBXBuildFile; fileRef = A6F9A77B286725430094ABE1 /* URLConvertible.swift */; };
		A6F9A77E286726160094ABE1 /* JottreGitHubURL.swift in Sources */ = {isa = PBXBuildFile; fileRef = A6F9A77D286726160094ABE1 /* JottreGitHubURL.swift */; };
		A6F9A780286729190094ABE1 /* EnvironmentDataSource.swift in Sources */ = {isa = PBXBuildFile; fileRef = A6F9A77F286729190094ABE1 /* EnvironmentDataSource.swift */; };
/* End PBXBuildFile section */

/* Begin PBXFileReference section */
		A61A616025EEB2B40030684C /* RedoButton.swift */ = {isa = PBXFileReference; lastKnownFileType = sourcecode.swift; path = RedoButton.swift; sourceTree = "<group>"; };
		A61A616325EEB34E0030684C /* UndoButton.swift */ = {isa = PBXFileReference; lastKnownFileType = sourcecode.swift; path = UndoButton.swift; sourceTree = "<group>"; };
		A61A616625EEB44E0030684C /* SpaceButtonBarItem.swift */ = {isa = PBXFileReference; lastKnownFileType = sourcecode.swift; path = SpaceButtonBarItem.swift; sourceTree = "<group>"; };
		A61BB9F925D0604200E63CF6 /* ShareButton.swift */ = {isa = PBXFileReference; lastKnownFileType = sourcecode.swift; path = ShareButton.swift; sourceTree = "<group>"; };
		A61BB9FD25D0608B00E63CF6 /* CustomButtonBarItem.swift */ = {isa = PBXFileReference; lastKnownFileType = sourcecode.swift; path = CustomButtonBarItem.swift; sourceTree = "<group>"; };
		A6330A7E25D05F6700068DE5 /* AddButton.swift */ = {isa = PBXFileReference; lastKnownFileType = sourcecode.swift; path = AddButton.swift; sourceTree = "<group>"; };
		A6350E5325C9CEFB0059E96E /* NodeExtensions.swift */ = {isa = PBXFileReference; lastKnownFileType = sourcecode.swift; path = NodeExtensions.swift; sourceTree = "<group>"; };
		A650EE6725C5819500830112 /* NodeCodable.swift */ = {isa = PBXFileReference; lastKnownFileType = sourcecode.swift; path = NodeCodable.swift; sourceTree = "<group>"; };
		A650EE6A25C585D300830112 /* NodeDecoderExtension.swift */ = {isa = PBXFileReference; lastKnownFileType = sourcecode.swift; path = NodeDecoderExtension.swift; sourceTree = "<group>"; };
		A65F231C25B5C1B000A0E870 /* IconSettingsCell.swift */ = {isa = PBXFileReference; lastKnownFileType = sourcecode.swift; path = IconSettingsCell.swift; sourceTree = "<group>"; };
		A6659CD128675E3600D6FE75 /* UITableViewCell+ReusableCell.swift */ = {isa = PBXFileReference; lastKnownFileType = sourcecode.swift; name = "UITableViewCell+ReusableCell.swift"; path = "../../../../../../../../../MacOS Monterey/Users/antonlorani/Documents/projects/Jottre/Jottre/Core/Extensions/UITableViewCell+ReusableCell.swift"; sourceTree = "<group>"; };
		A6659CD328675E4100D6FE75 /* UICollectionViewCell+ReusableCell.swift */ = {isa = PBXFileReference; lastKnownFileType = sourcecode.swift; name = "UICollectionViewCell+ReusableCell.swift"; path = "../../../../../../../../../MacOS Monterey/Users/antonlorani/Documents/projects/Jottre/Jottre/Core/Extensions/UICollectionViewCell+ReusableCell.swift"; sourceTree = "<group>"; };
		A6659CD528675E4600D6FE75 /* ReusableCell.swift */ = {isa = PBXFileReference; lastKnownFileType = sourcecode.swift; name = ReusableCell.swift; path = "../../../../../../../../../MacOS Monterey/Users/antonlorani/Documents/projects/Jottre/Jottre/Core/Extensions/ReusableCell.swift"; sourceTree = "<group>"; };
		A6659CD728675E5800D6FE75 /* UITableView+dequeueReusableCell.swift */ = {isa = PBXFileReference; lastKnownFileType = sourcecode.swift; name = "UITableView+dequeueReusableCell.swift"; path = "../../../../../../../../../MacOS Monterey/Users/antonlorani/Documents/projects/Jottre/Jottre/Core/Extensions/UITableView+dequeueReusableCell.swift"; sourceTree = "<group>"; };
		A6659CD928675E6100D6FE75 /* UITableView+register.swift */ = {isa = PBXFileReference; lastKnownFileType = sourcecode.swift; name = "UITableView+register.swift"; path = "../../../../../../../../../MacOS Monterey/Users/antonlorani/Documents/projects/Jottre/Jottre/Core/Extensions/UITableView+register.swift"; sourceTree = "<group>"; };
		A673AED92825718800B40EA4 /* PreferencesCell.swift */ = {isa = PBXFileReference; lastKnownFileType = sourcecode.swift; path = PreferencesCell.swift; sourceTree = "<group>"; };
		A6788A5028245E7300582729 /* ExportNoteAlertContent.swift */ = {isa = PBXFileReference; lastKnownFileType = sourcecode.swift; path = ExportNoteAlertContent.swift; sourceTree = "<group>"; };
		A6788A5228245E7A00582729 /* UIAlert+exportNote.swift */ = {isa = PBXFileReference; lastKnownFileType = sourcecode.swift; path = "UIAlert+exportNote.swift"; sourceTree = "<group>"; };
		A69EB85B289DB657004408FB /* Note.swift */ = {isa = PBXFileReference; lastKnownFileType = sourcecode.swift; name = Note.swift; path = "../../../../../../../../MacOS Monterey/Users/antonlorani/Documents/projects/Jottre/Jottre/Scenes/Note.swift"; sourceTree = "<group>"; };
		A69EB861289DB947004408FB /* AddNoteCoordinator.swift */ = {isa = PBXFileReference; lastKnownFileType = sourcecode.swift; path = AddNoteCoordinator.swift; sourceTree = "<group>"; };
		A69EB862289DB960004408FB /* AddNoteRepository.swift */ = {isa = PBXFileReference; lastKnownFileType = sourcecode.swift; name = AddNoteRepository.swift; path = "../../../../../../../../../MacOS Monterey/Users/antonlorani/Documents/projects/Jottre/Jottre/Scenes/AddNote/AddNoteRepository.swift"; sourceTree = "<group>"; };
		A6A8803D25BAB41E0080DD9D /* Downloader.swift */ = {isa = PBXFileReference; lastKnownFileType = sourcecode.swift; path = Downloader.swift; sourceTree = "<group>"; };
		A6BB130625B45ECB008C5D8A /* SettingsViewController.swift */ = {isa = PBXFileReference; lastKnownFileType = sourcecode.swift; path = SettingsViewController.swift; sourceTree = "<group>"; };
		A6BB130B25B46057008C5D8A /* Settings.swift */ = {isa = PBXFileReference; lastKnownFileType = sourcecode.swift; path = Settings.swift; sourceTree = "<group>"; };
		A6BB130F25B46BA2008C5D8A /* SettingsNavigationViewController.swift */ = {isa = PBXFileReference; lastKnownFileType = sourcecode.swift; path = SettingsNavigationViewController.swift; sourceTree = "<group>"; };
		A6BB131225B46E2D008C5D8A /* SettingsCell.swift */ = {isa = PBXFileReference; lastKnownFileType = sourcecode.swift; path = SettingsCell.swift; sourceTree = "<group>"; };
		A6BB131A25B472F9008C5D8A /* AppearanceSettingsCell.swift */ = {isa = PBXFileReference; lastKnownFileType = sourcecode.swift; path = AppearanceSettingsCell.swift; sourceTree = "<group>"; };
		A6BB134025B49F81008C5D8A /* de */ = {isa = PBXFileReference; lastKnownFileType = text.plist.strings; name = de; path = de.lproj/LaunchScreen.strings; sourceTree = "<group>"; };
		A6BB134225B49FDF008C5D8A /* en */ = {isa = PBXFileReference; lastKnownFileType = text.plist.strings; name = en; path = en.lproj/Localizable.strings; sourceTree = "<group>"; };
		A6BB134525B49FE0008C5D8A /* de */ = {isa = PBXFileReference; lastKnownFileType = text.plist.strings; name = de; path = de.lproj/Localizable.strings; sourceTree = "<group>"; };
		A6BB134725B4A469008C5D8A /* SettingsButton.swift */ = {isa = PBXFileReference; lastKnownFileType = sourcecode.swift; path = SettingsButton.swift; sourceTree = "<group>"; };
		A6BB134B25B4AEFC008C5D8A /* SettingsExtensions.swift */ = {isa = PBXFileReference; lastKnownFileType = sourcecode.swift; path = SettingsExtensions.swift; sourceTree = "<group>"; };
		A6BB134E25B4B2D0008C5D8A /* CloudSettingsCell.swift */ = {isa = PBXFileReference; lastKnownFileType = sourcecode.swift; path = CloudSettingsCell.swift; sourceTree = "<group>"; };
		A6C0D70225B9DB9D00336230 /* URL.swift */ = {isa = PBXFileReference; lastKnownFileType = sourcecode.swift; path = URL.swift; sourceTree = "<group>"; };
		A6C0D70625B9F21400336230 /* PKDrawing.swift */ = {isa = PBXFileReference; lastKnownFileType = sourcecode.swift; path = PKDrawing.swift; sourceTree = "<group>"; };
		A6C0D70A25B9F42400336230 /* LoadingView.swift */ = {isa = PBXFileReference; lastKnownFileType = sourcecode.swift; path = LoadingView.swift; sourceTree = "<group>"; };
		A6CEB5032822F06D009FAA84 /* RootViewController.swift */ = {isa = PBXFileReference; lastKnownFileType = sourcecode.swift; path = RootViewController.swift; sourceTree = "<group>"; };
		A6CEB5052822F072009FAA84 /* RootViewModel.swift */ = {isa = PBXFileReference; lastKnownFileType = sourcecode.swift; path = RootViewModel.swift; sourceTree = "<group>"; };
		A6CEB5072822F100009FAA84 /* RootCoordinator.swift */ = {isa = PBXFileReference; lastKnownFileType = sourcecode.swift; path = RootCoordinator.swift; sourceTree = "<group>"; };
		A6CEB50A2822F12E009FAA84 /* Coordinator.swift */ = {isa = PBXFileReference; lastKnownFileType = sourcecode.swift; path = Coordinator.swift; sourceTree = "<group>"; };
		A6CEB50E2822F229009FAA84 /* NoteViewController.swift */ = {isa = PBXFileReference; lastKnownFileType = sourcecode.swift; path = NoteViewController.swift; sourceTree = "<group>"; };
		A6CEB5102822F22F009FAA84 /* NoteViewModel.swift */ = {isa = PBXFileReference; lastKnownFileType = sourcecode.swift; path = NoteViewModel.swift; sourceTree = "<group>"; };
		A6CEB5122822F234009FAA84 /* NoteCoordinator.swift */ = {isa = PBXFileReference; lastKnownFileType = sourcecode.swift; path = NoteCoordinator.swift; sourceTree = "<group>"; };
		A6CEB5142822F23F009FAA84 /* PreferencesViewController.swift */ = {isa = PBXFileReference; lastKnownFileType = sourcecode.swift; path = PreferencesViewController.swift; sourceTree = "<group>"; };
		A6CEB5162822F244009FAA84 /* PreferencesViewModel.swift */ = {isa = PBXFileReference; lastKnownFileType = sourcecode.swift; path = PreferencesViewModel.swift; sourceTree = "<group>"; };
		A6CEB5182822F24A009FAA84 /* PreferencesCoordinator.swift */ = {isa = PBXFileReference; lastKnownFileType = sourcecode.swift; path = PreferencesCoordinator.swift; sourceTree = "<group>"; };
		A6CEB51F2822F6FB009FAA84 /* InfoTextView.swift */ = {isa = PBXFileReference; lastKnownFileType = sourcecode.swift; path = InfoTextView.swift; sourceTree = "<group>"; };
		A6CEB5212822F701009FAA84 /* InfoTextViewModel.swift */ = {isa = PBXFileReference; lastKnownFileType = sourcecode.swift; path = InfoTextViewModel.swift; sourceTree = "<group>"; };
		A6CEB5232822F7FF009FAA84 /* InfoTextViewRepository.swift */ = {isa = PBXFileReference; lastKnownFileType = sourcecode.swift; path = InfoTextViewRepository.swift; sourceTree = "<group>"; };
		A6CEB5272822F811009FAA84 /* DeviceDataSource.swift */ = {isa = PBXFileReference; lastKnownFileType = sourcecode.swift; path = DeviceDataSource.swift; sourceTree = "<group>"; };
		A6CEB5292822F909009FAA84 /* CloudDataSource.swift */ = {isa = PBXFileReference; lastKnownFileType = sourcecode.swift; path = CloudDataSource.swift; sourceTree = "<group>"; };
		A6CEB52B2822FD7E009FAA84 /* LocalizableStringsDataSource.swift */ = {isa = PBXFileReference; lastKnownFileType = sourcecode.swift; path = LocalizableStringsDataSource.swift; sourceTree = "<group>"; };
		A6CEB52D2823018D009FAA84 /* RootRepository.swift */ = {isa = PBXFileReference; lastKnownFileType = sourcecode.swift; path = RootRepository.swift; sourceTree = "<group>"; };
		A6CEB531282306A8009FAA84 /* AddNoteAlertContent.swift */ = {isa = PBXFileReference; lastKnownFileType = sourcecode.swift; path = AddNoteAlertContent.swift; sourceTree = "<group>"; };
		A6CEB533282308E9009FAA84 /* UIAlert+addNote.swift */ = {isa = PBXFileReference; lastKnownFileType = sourcecode.swift; path = "UIAlert+addNote.swift"; sourceTree = "<group>"; };
		A6CEB53628230C25009FAA84 /* PreferencesNavigationController.swift */ = {isa = PBXFileReference; lastKnownFileType = sourcecode.swift; path = PreferencesNavigationController.swift; sourceTree = "<group>"; };
		A6CEB53928230CED009FAA84 /* RootNavigationController.swift */ = {isa = PBXFileReference; lastKnownFileType = sourcecode.swift; path = RootNavigationController.swift; sourceTree = "<group>"; };
		A6CFA37C2865EE4300E5618E /* PreferencesRepository.swift */ = {isa = PBXFileReference; lastKnownFileType = sourcecode.swift; path = PreferencesRepository.swift; sourceTree = "<group>"; };
		A6CFA3812866111C00E5618E /* PreferencesCustomViewProvider.swift */ = {isa = PBXFileReference; lastKnownFileType = sourcecode.swift; path = PreferencesCustomViewProvider.swift; sourceTree = "<group>"; };
		A6CFA383286611BC00E5618E /* SwitchViewProvider.swift */ = {isa = PBXFileReference; lastKnownFileType = sourcecode.swift; path = SwitchViewProvider.swift; sourceTree = "<group>"; };
		A6CFA385286613C800E5618E /* ImageViewProvider.swift */ = {isa = PBXFileReference; lastKnownFileType = sourcecode.swift; path = ImageViewProvider.swift; sourceTree = "<group>"; };
		A6CFA3872866147800E5618E /* TextViewProvider.swift */ = {isa = PBXFileReference; lastKnownFileType = sourcecode.swift; path = TextViewProvider.swift; sourceTree = "<group>"; };
		A6DB2A062895C18B00FF2A1E /* PreferredUserInterfaceStyleEntry.swift */ = {isa = PBXFileReference; lastKnownFileType = sourcecode.swift; name = PreferredUserInterfaceStyleEntry.swift; path = "../../../../../../../../../MacOS Monterey/Users/antonlorani/Documents/projects/Jottre/Jottre/Scenes/Preferences/PreferredUserInterfaceStyleEntry.swift"; sourceTree = "<group>"; };
		A6DB2A082895C1D700FF2A1E /* UsingCloudEntry.swift */ = {isa = PBXFileReference; lastKnownFileType = sourcecode.swift; name = UsingCloudEntry.swift; path = "../../../../../../../../../MacOS Monterey/Users/antonlorani/Documents/projects/Jottre/Jottre/Scenes/Preferences/UsingCloudEntry.swift"; sourceTree = "<group>"; };
		A6DB2A0F2895C82200FF2A1E /* NoteCell.swift */ = {isa = PBXFileReference; lastKnownFileType = sourcecode.swift; name = NoteCell.swift; path = "../../../../../../../../../../MacOS Monterey/Users/antonlorani/Documents/projects/Jottre/Jottre/Scenes/Root/NoteCell/NoteCell.swift"; sourceTree = "<group>"; };
		A6E3B7E825B3260200C65157 /* Jottre.app */ = {isa = PBXFileReference; explicitFileType = wrapper.application; includeInIndex = 0; path = Jottre.app; sourceTree = BUILT_PRODUCTS_DIR; };
		A6E3B7EB25B3260200C65157 /* AppDelegate.swift */ = {isa = PBXFileReference; lastKnownFileType = sourcecode.swift; path = AppDelegate.swift; sourceTree = "<group>"; };
		A6E3B7ED25B3260200C65157 /* SceneDelegate.swift */ = {isa = PBXFileReference; lastKnownFileType = sourcecode.swift; path = SceneDelegate.swift; sourceTree = "<group>"; };
		A6E3B7F425B3260300C65157 /* Assets.xcassets */ = {isa = PBXFileReference; lastKnownFileType = folder.assetcatalog; path = Assets.xcassets; sourceTree = "<group>"; };
		A6E3B7F725B3260300C65157 /* Base */ = {isa = PBXFileReference; lastKnownFileType = file.storyboard; name = Base; path = Base.lproj/LaunchScreen.storyboard; sourceTree = "<group>"; };
		A6E3B7F925B3260300C65157 /* Info.plist */ = {isa = PBXFileReference; lastKnownFileType = text.plist.xml; path = Info.plist; sourceTree = "<group>"; };
		A6E3B80025B3261800C65157 /* Jottre.entitlements */ = {isa = PBXFileReference; lastKnownFileType = text.plist.entitlements; path = Jottre.entitlements; sourceTree = "<group>"; };
		A6E3B82025B32AB400C65157 /* Logger.swift */ = {isa = PBXFileReference; lastKnownFileType = sourcecode.swift; path = Logger.swift; sourceTree = "<group>"; };
		A6E3B82325B32ABE00C65157 /* String.swift */ = {isa = PBXFileReference; lastKnownFileType = sourcecode.swift; path = String.swift; sourceTree = "<group>"; };
		A6E3B82725B32AD300C65157 /* NavigationTextButton.swift */ = {isa = PBXFileReference; lastKnownFileType = sourcecode.swift; path = NavigationTextButton.swift; sourceTree = "<group>"; };
		A6E3B82B25B32AEB00C65157 /* NavigationViewController.swift */ = {isa = PBXFileReference; lastKnownFileType = sourcecode.swift; path = NavigationViewController.swift; sourceTree = "<group>"; };
		A6E3B82E25B32B0700C65157 /* InitialViewController.swift */ = {isa = PBXFileReference; lastKnownFileType = sourcecode.swift; path = InitialViewController.swift; sourceTree = "<group>"; };
		A6E3B83325B32BBC00C65157 /* Node.swift */ = {isa = PBXFileReference; lastKnownFileType = sourcecode.swift; path = Node.swift; sourceTree = "<group>"; };
		A6E3B83625B32BC500C65157 /* NodeCollector.swift */ = {isa = PBXFileReference; lastKnownFileType = sourcecode.swift; path = NodeCollector.swift; sourceTree = "<group>"; };
		A6E3B83925B333EC00C65157 /* NodeCell.swift */ = {isa = PBXFileReference; lastKnownFileType = sourcecode.swift; path = NodeCell.swift; sourceTree = "<group>"; };
		A6E3B83C25B3340300C65157 /* UIView.swift */ = {isa = PBXFileReference; lastKnownFileType = sourcecode.swift; path = UIView.swift; sourceTree = "<group>"; };
		A6E3B84025B334AF00C65157 /* InitialExtensions.swift */ = {isa = PBXFileReference; lastKnownFileType = sourcecode.swift; path = InitialExtensions.swift; sourceTree = "<group>"; };
		A6E3B84A25B347C100C65157 /* DrawViewController.swift */ = {isa = PBXFileReference; lastKnownFileType = sourcecode.swift; path = DrawViewController.swift; sourceTree = "<group>"; };
		A6E3B84D25B3495800C65157 /* DrawExtensions.swift */ = {isa = PBXFileReference; lastKnownFileType = sourcecode.swift; path = DrawExtensions.swift; sourceTree = "<group>"; };
		A6E3B85125B34ACB00C65157 /* ThumbnailGenerator.swift */ = {isa = PBXFileReference; lastKnownFileType = sourcecode.swift; path = ThumbnailGenerator.swift; sourceTree = "<group>"; };
		A6E3B85D25B3673C00C65157 /* UIDevice.swift */ = {isa = PBXFileReference; lastKnownFileType = sourcecode.swift; name = UIDevice.swift; path = Jottre/Helpers/UIDevice.swift; sourceTree = SOURCE_ROOT; };
		A6E3B86425B372A800C65157 /* ExportActions.swift */ = {isa = PBXFileReference; lastKnownFileType = sourcecode.swift; path = ExportActions.swift; sourceTree = "<group>"; };
		A6E3B86725B374A200C65157 /* MenuActions.swift */ = {isa = PBXFileReference; lastKnownFileType = sourcecode.swift; path = MenuActions.swift; sourceTree = "<group>"; };
		A6F60F8425CAA2CC002CAAE4 /* Data.swift */ = {isa = PBXFileReference; lastKnownFileType = sourcecode.swift; path = Data.swift; sourceTree = "<group>"; };
		A6F9A77028671BAD0094ABE1 /* Defaults.swift */ = {isa = PBXFileReference; lastKnownFileType = sourcecode.swift; path = Defaults.swift; sourceTree = "<group>"; };
		A6F9A77728671CF30094ABE1 /* CustomUserInterfaceStyle.swift */ = {isa = PBXFileReference; lastKnownFileType = sourcecode.swift; path = CustomUserInterfaceStyle.swift; sourceTree = "<group>"; };
		A6F9A77B286725430094ABE1 /* URLConvertible.swift */ = {isa = PBXFileReference; lastKnownFileType = sourcecode.swift; name = URLConvertible.swift; path = "../../../../../../../../MacOS Monterey/Users/antonlorani/Documents/projects/Jottre/Jottre/URL/URLConvertible.swift"; sourceTree = "<group>"; };
		A6F9A77D286726160094ABE1 /* JottreGitHubURL.swift */ = {isa = PBXFileReference; lastKnownFileType = sourcecode.swift; name = JottreGitHubURL.swift; path = "../../../../../../../../MacOS Monterey/Users/antonlorani/Documents/projects/Jottre/Jottre/URL/JottreGitHubURL.swift"; sourceTree = "<group>"; };
		A6F9A77F286729190094ABE1 /* EnvironmentDataSource.swift */ = {isa = PBXFileReference; lastKnownFileType = sourcecode.swift; name = EnvironmentDataSource.swift; path = "../../../../../../../../../MacOS Monterey/Users/antonlorani/Documents/projects/Jottre/Jottre/Repository/DataSource/EnvironmentDataSource.swift"; sourceTree = "<group>"; };
/* End PBXFileReference section */

/* Begin PBXFrameworksBuildPhase section */
		A6E3B7E525B3260200C65157 /* Frameworks */ = {
			isa = PBXFrameworksBuildPhase;
			buildActionMask = 2147483647;
			files = (
			);
			runOnlyForDeploymentPostprocessing = 0;
		};
/* End PBXFrameworksBuildPhase section */

/* Begin PBXGroup section */
		A61BBA0125D0634400E63CF6 /* BarButtonItems */ = {
			isa = PBXGroup;
			children = (
				A6E3B82725B32AD300C65157 /* NavigationTextButton.swift */,
				A61BB9FD25D0608B00E63CF6 /* CustomButtonBarItem.swift */,
				A61A616025EEB2B40030684C /* RedoButton.swift */,
				A61A616325EEB34E0030684C /* UndoButton.swift */,
				A61A616625EEB44E0030684C /* SpaceButtonBarItem.swift */,
				A6BB134725B4A469008C5D8A /* SettingsButton.swift */,
				A61BB9F925D0604200E63CF6 /* ShareButton.swift */,
				A6330A7E25D05F6700068DE5 /* AddButton.swift */,
			);
			path = BarButtonItems;
			sourceTree = "<group>";
		};
		A6659CD028675E2D00D6FE75 /* Extensions */ = {
			isa = PBXGroup;
			children = (
				A6659CD128675E3600D6FE75 /* UITableViewCell+ReusableCell.swift */,
				A6659CD328675E4100D6FE75 /* UICollectionViewCell+ReusableCell.swift */,
				A6659CD528675E4600D6FE75 /* ReusableCell.swift */,
				A6659CD728675E5800D6FE75 /* UITableView+dequeueReusableCell.swift */,
				A6659CD928675E6100D6FE75 /* UITableView+register.swift */,
			);
			path = Extensions;
			sourceTree = "<group>";
		};
		A6788A4E28245E5600582729 /* ExportNote */ = {
			isa = PBXGroup;
			children = (
				A6788A5028245E7300582729 /* ExportNoteAlertContent.swift */,
				A6788A5228245E7A00582729 /* UIAlert+exportNote.swift */,
			);
			path = ExportNote;
			sourceTree = "<group>";
		};
		A6788A4F28245E5F00582729 /* Alerts */ = {
			isa = PBXGroup;
			children = (
				A6788A4E28245E5600582729 /* ExportNote */,
			);
			path = Alerts;
			sourceTree = "<group>";
		};
		A69EB858289DA52D004408FB /* Alerts */ = {
			isa = PBXGroup;
			children = (
				A6CEB53528230B60009FAA84 /* AddNote */,
			);
			path = Alerts;
			sourceTree = "<group>";
		};
		A69EB85D289DB6C2004408FB /* AddNote */ = {
			isa = PBXGroup;
			children = (
				A69EB861289DB947004408FB /* AddNoteCoordinator.swift */,
				A69EB862289DB960004408FB /* AddNoteRepository.swift */,
			);
			path = AddNote;
			sourceTree = "<group>";
		};
		A6BB130525B45E52008C5D8A /* SettingsScene */ = {
			isa = PBXGroup;
			children = (
				A6BB130F25B46BA2008C5D8A /* SettingsNavigationViewController.swift */,
				A6BB130625B45ECB008C5D8A /* SettingsViewController.swift */,
				A6BB134B25B4AEFC008C5D8A /* SettingsExtensions.swift */,
			);
			path = SettingsScene;
			sourceTree = "<group>";
		};
		A6BB130925B46047008C5D8A /* Node */ = {
			isa = PBXGroup;
			children = (
				A6E3B83325B32BBC00C65157 /* Node.swift */,
				A6350E5325C9CEFB0059E96E /* NodeExtensions.swift */,
				A650EE6A25C585D300830112 /* NodeDecoderExtension.swift */,
				A650EE6725C5819500830112 /* NodeCodable.swift */,
				A6E3B83625B32BC500C65157 /* NodeCollector.swift */,
			);
			path = Node;
			sourceTree = "<group>";
		};
		A6BB130A25B4604C008C5D8A /* Settings */ = {
			isa = PBXGroup;
			children = (
				A6BB130B25B46057008C5D8A /* Settings.swift */,
			);
			path = Settings;
			sourceTree = "<group>";
		};
		A6BB131525B472D9008C5D8A /* SettingsCell */ = {
			isa = PBXGroup;
			children = (
				A6BB131225B46E2D008C5D8A /* SettingsCell.swift */,
				A6BB131A25B472F9008C5D8A /* AppearanceSettingsCell.swift */,
				A6BB134E25B4B2D0008C5D8A /* CloudSettingsCell.swift */,
				A65F231C25B5C1B000A0E870 /* IconSettingsCell.swift */,
			);
			path = SettingsCell;
			sourceTree = "<group>";
		};
		A6CEB5012822F05A009FAA84 /* Scenes */ = {
			isa = PBXGroup;
			children = (
				A69EB85D289DB6C2004408FB /* AddNote */,
				A6CEB50D2822F21B009FAA84 /* Preferences */,
				A6CEB50C2822F20C009FAA84 /* Note */,
				A6CEB5022822F062009FAA84 /* Root */,
				A69EB85B289DB657004408FB /* Note.swift */,
			);
			path = Scenes;
			sourceTree = "<group>";
		};
		A6CEB5022822F062009FAA84 /* Root */ = {
			isa = PBXGroup;
			children = (
				A69EB858289DA52D004408FB /* Alerts */,
				A6DB2A0A2895C7D000FF2A1E /* NoteCell */,
				A6CEB51E2822F6F2009FAA84 /* InfoTextView */,
				A6CEB5032822F06D009FAA84 /* RootViewController.swift */,
				A6CEB5052822F072009FAA84 /* RootViewModel.swift */,
				A6CEB5072822F100009FAA84 /* RootCoordinator.swift */,
				A6CEB52D2823018D009FAA84 /* RootRepository.swift */,
				A6CEB53928230CED009FAA84 /* RootNavigationController.swift */,
			);
			path = Root;
			sourceTree = "<group>";
		};
		A6CEB5092822F129009FAA84 /* Core */ = {
			isa = PBXGroup;
			children = (
				A6659CD028675E2D00D6FE75 /* Extensions */,
				A6F9A76F28671BAA0094ABE1 /* Defaults */,
				A6CEB50A2822F12E009FAA84 /* Coordinator.swift */,
			);
			path = Core;
			sourceTree = "<group>";
		};
		A6CEB50C2822F20C009FAA84 /* Note */ = {
			isa = PBXGroup;
			children = (
				A6788A4F28245E5F00582729 /* Alerts */,
				A6CEB50E2822F229009FAA84 /* NoteViewController.swift */,
				A6CEB5102822F22F009FAA84 /* NoteViewModel.swift */,
				A6CEB5122822F234009FAA84 /* NoteCoordinator.swift */,
			);
			path = Note;
			sourceTree = "<group>";
		};
		A6CEB50D2822F21B009FAA84 /* Preferences */ = {
			isa = PBXGroup;
			children = (
				A6F9A77728671CF30094ABE1 /* CustomUserInterfaceStyle.swift */,
				A6CEB53628230C25009FAA84 /* PreferencesNavigationController.swift */,
				A6CFA37E28660E3000E5618E /* PreferencesCell */,
				A6CEB5142822F23F009FAA84 /* PreferencesViewController.swift */,
				A6CEB5162822F244009FAA84 /* PreferencesViewModel.swift */,
				A6CEB5182822F24A009FAA84 /* PreferencesCoordinator.swift */,
				A6CFA37C2865EE4300E5618E /* PreferencesRepository.swift */,
				A6DB2A062895C18B00FF2A1E /* PreferredUserInterfaceStyleEntry.swift */,
				A6DB2A082895C1D700FF2A1E /* UsingCloudEntry.swift */,
			);
			path = Preferences;
			sourceTree = "<group>";
		};
		A6CEB51E2822F6F2009FAA84 /* InfoTextView */ = {
			isa = PBXGroup;
			children = (
				A6CEB51F2822F6FB009FAA84 /* InfoTextView.swift */,
				A6CEB5212822F701009FAA84 /* InfoTextViewModel.swift */,
				A6CEB5232822F7FF009FAA84 /* InfoTextViewRepository.swift */,
			);
			path = InfoTextView;
			sourceTree = "<group>";
		};
		A6CEB5252822F804009FAA84 /* Repository */ = {
			isa = PBXGroup;
			children = (
				A6CEB5262822F80B009FAA84 /* DataSource */,
			);
			path = Repository;
			sourceTree = "<group>";
		};
		A6CEB5262822F80B009FAA84 /* DataSource */ = {
			isa = PBXGroup;
			children = (
				A6CEB5272822F811009FAA84 /* DeviceDataSource.swift */,
				A6CEB5292822F909009FAA84 /* CloudDataSource.swift */,
				A6CEB52B2822FD7E009FAA84 /* LocalizableStringsDataSource.swift */,
				A6F9A77F286729190094ABE1 /* EnvironmentDataSource.swift */,
			);
			path = DataSource;
			sourceTree = "<group>";
		};
		A6CEB53528230B60009FAA84 /* AddNote */ = {
			isa = PBXGroup;
			children = (
				A6CEB533282308E9009FAA84 /* UIAlert+addNote.swift */,
				A6CEB531282306A8009FAA84 /* AddNoteAlertContent.swift */,
			);
			path = AddNote;
			sourceTree = "<group>";
		};
		A6CFA37E28660E3000E5618E /* PreferencesCell */ = {
			isa = PBXGroup;
			children = (
				A6CFA38928661DCC00E5618E /* ViewProvider */,
				A673AED92825718800B40EA4 /* PreferencesCell.swift */,
			);
			path = PreferencesCell;
			sourceTree = "<group>";
		};
		A6CFA38928661DCC00E5618E /* ViewProvider */ = {
			isa = PBXGroup;
			children = (
				A6CFA3812866111C00E5618E /* PreferencesCustomViewProvider.swift */,
				A6CFA383286611BC00E5618E /* SwitchViewProvider.swift */,
				A6CFA385286613C800E5618E /* ImageViewProvider.swift */,
				A6CFA3872866147800E5618E /* TextViewProvider.swift */,
			);
			path = ViewProvider;
			sourceTree = "<group>";
		};
		A6DB2A0A2895C7D000FF2A1E /* NoteCell */ = {
			isa = PBXGroup;
			children = (
				A6DB2A0F2895C82200FF2A1E /* NoteCell.swift */,
			);
			path = NoteCell;
			sourceTree = "<group>";
		};
		A6E3B7DF25B3260200C65157 = {
			isa = PBXGroup;
			children = (
				A6E3B7EA25B3260200C65157 /* Jottre */,
				A6E3B7E925B3260200C65157 /* Products */,
			);
			sourceTree = "<group>";
		};
		A6E3B7E925B3260200C65157 /* Products */ = {
			isa = PBXGroup;
			children = (
				A6E3B7E825B3260200C65157 /* Jottre.app */,
			);
			name = Products;
			sourceTree = "<group>";
		};
		A6E3B7EA25B3260200C65157 /* Jottre */ = {
			isa = PBXGroup;
			children = (
				A6F9A77A2867253D0094ABE1 /* URL */,
				A6CEB5252822F804009FAA84 /* Repository */,
				A6CEB5092822F129009FAA84 /* Core */,
				A6CEB5012822F05A009FAA84 /* Scenes */,
				A6E3B85025B34ABA00C65157 /* Helpers */,
				A6E3B83225B32BAF00C65157 /* Models */,
				A6E3B81325B3297200C65157 /* Extensions */,
				A6E3B80F25B3295200C65157 /* Views */,
				A6E3B80725B3287C00C65157 /* Controllers */,
				A6E3B80025B3261800C65157 /* Jottre.entitlements */,
				A6E3B7EB25B3260200C65157 /* AppDelegate.swift */,
				A6E3B7ED25B3260200C65157 /* SceneDelegate.swift */,
				A6E3B7F425B3260300C65157 /* Assets.xcassets */,
				A6E3B7F625B3260300C65157 /* LaunchScreen.storyboard */,
				A6E3B7F925B3260300C65157 /* Info.plist */,
				A6BB134325B49FDF008C5D8A /* Localizable.strings */,
			);
			path = Jottre;
			sourceTree = "<group>";
		};
		A6E3B80725B3287C00C65157 /* Controllers */ = {
			isa = PBXGroup;
			children = (
				A6E3B82B25B32AEB00C65157 /* NavigationViewController.swift */,
				A6E3B83F25B3349900C65157 /* InitialScene */,
				A6E3B84925B347AE00C65157 /* DrawScene */,
				A6BB130525B45E52008C5D8A /* SettingsScene */,
			);
			path = Controllers;
			sourceTree = "<group>";
		};
		A6E3B80F25B3295200C65157 /* Views */ = {
			isa = PBXGroup;
			children = (
				A61BBA0125D0634400E63CF6 /* BarButtonItems */,
				A6BB131525B472D9008C5D8A /* SettingsCell */,
				A6E3B83925B333EC00C65157 /* NodeCell.swift */,
				A6C0D70A25B9F42400336230 /* LoadingView.swift */,
			);
			path = Views;
			sourceTree = "<group>";
		};
		A6E3B81325B3297200C65157 /* Extensions */ = {
			isa = PBXGroup;
			children = (
				A6E3B82025B32AB400C65157 /* Logger.swift */,
				A6E3B82325B32ABE00C65157 /* String.swift */,
				A6E3B83C25B3340300C65157 /* UIView.swift */,
				A6E3B85D25B3673C00C65157 /* UIDevice.swift */,
				A6C0D70225B9DB9D00336230 /* URL.swift */,
				A6C0D70625B9F21400336230 /* PKDrawing.swift */,
				A6F60F8425CAA2CC002CAAE4 /* Data.swift */,
			);
			path = Extensions;
			sourceTree = "<group>";
		};
		A6E3B83225B32BAF00C65157 /* Models */ = {
			isa = PBXGroup;
			children = (
				A6BB130A25B4604C008C5D8A /* Settings */,
				A6BB130925B46047008C5D8A /* Node */,
			);
			path = Models;
			sourceTree = "<group>";
		};
		A6E3B83F25B3349900C65157 /* InitialScene */ = {
			isa = PBXGroup;
			children = (
				A6E3B82E25B32B0700C65157 /* InitialViewController.swift */,
				A6E3B84025B334AF00C65157 /* InitialExtensions.swift */,
				A6E3B86725B374A200C65157 /* MenuActions.swift */,
			);
			path = InitialScene;
			sourceTree = "<group>";
		};
		A6E3B84925B347AE00C65157 /* DrawScene */ = {
			isa = PBXGroup;
			children = (
				A6E3B84A25B347C100C65157 /* DrawViewController.swift */,
				A6E3B84D25B3495800C65157 /* DrawExtensions.swift */,
				A6E3B86425B372A800C65157 /* ExportActions.swift */,
			);
			path = DrawScene;
			sourceTree = "<group>";
		};
		A6E3B85025B34ABA00C65157 /* Helpers */ = {
			isa = PBXGroup;
			children = (
				A6E3B85125B34ACB00C65157 /* ThumbnailGenerator.swift */,
				A6A8803D25BAB41E0080DD9D /* Downloader.swift */,
			);
			path = Helpers;
			sourceTree = "<group>";
		};
		A6F9A76F28671BAA0094ABE1 /* Defaults */ = {
			isa = PBXGroup;
			children = (
				A6F9A77028671BAD0094ABE1 /* Defaults.swift */,
			);
			path = Defaults;
			sourceTree = "<group>";
		};
		A6F9A77A2867253D0094ABE1 /* URL */ = {
			isa = PBXGroup;
			children = (
				A6F9A77B286725430094ABE1 /* URLConvertible.swift */,
				A6F9A77D286726160094ABE1 /* JottreGitHubURL.swift */,
			);
			path = URL;
			sourceTree = "<group>";
		};
/* End PBXGroup section */

/* Begin PBXNativeTarget section */
		A6E3B7E725B3260200C65157 /* Jottre */ = {
			isa = PBXNativeTarget;
			buildConfigurationList = A6E3B7FC25B3260300C65157 /* Build configuration list for PBXNativeTarget "Jottre" */;
			buildPhases = (
				A6E3B7E425B3260200C65157 /* Sources */,
				A6E3B7E525B3260200C65157 /* Frameworks */,
				A6E3B7E625B3260200C65157 /* Resources */,
			);
			buildRules = (
			);
			dependencies = (
			);
			name = Jottre;
			productName = Jottre;
			productReference = A6E3B7E825B3260200C65157 /* Jottre.app */;
			productType = "com.apple.product-type.application";
		};
/* End PBXNativeTarget section */

/* Begin PBXProject section */
		A6E3B7E025B3260200C65157 /* Project object */ = {
			isa = PBXProject;
			attributes = {
				LastSwiftUpdateCheck = 1230;
				LastUpgradeCheck = 1230;
				TargetAttributes = {
					A6E3B7E725B3260200C65157 = {
						CreatedOnToolsVersion = 12.3;
					};
				};
			};
			buildConfigurationList = A6E3B7E325B3260200C65157 /* Build configuration list for PBXProject "Jottre" */;
			compatibilityVersion = "Xcode 9.3";
			developmentRegion = en;
			hasScannedForEncodings = 0;
			knownRegions = (
				en,
				Base,
				de,
			);
			mainGroup = A6E3B7DF25B3260200C65157;
			productRefGroup = A6E3B7E925B3260200C65157 /* Products */;
			projectDirPath = "";
			projectRoot = "";
			targets = (
				A6E3B7E725B3260200C65157 /* Jottre */,
			);
		};
/* End PBXProject section */

/* Begin PBXResourcesBuildPhase section */
		A6E3B7E625B3260200C65157 /* Resources */ = {
			isa = PBXResourcesBuildPhase;
			buildActionMask = 2147483647;
			files = (
				A6E3B7F825B3260300C65157 /* LaunchScreen.storyboard in Resources */,
				A6BB134125B49FDF008C5D8A /* Localizable.strings in Resources */,
				A6E3B7F525B3260300C65157 /* Assets.xcassets in Resources */,
			);
			runOnlyForDeploymentPostprocessing = 0;
		};
/* End PBXResourcesBuildPhase section */

/* Begin PBXSourcesBuildPhase section */
		A6E3B7E425B3260200C65157 /* Sources */ = {
			isa = PBXSourcesBuildPhase;
			buildActionMask = 2147483647;
			files = (
				A6E3B86525B372A800C65157 /* ExportActions.swift in Sources */,
				A61A616725EEB44E0030684C /* SpaceButtonBarItem.swift in Sources */,
				A61A616125EEB2B40030684C /* RedoButton.swift in Sources */,
				A6659CD828675E5800D6FE75 /* UITableView+dequeueReusableCell.swift in Sources */,
				A6E3B7EC25B3260200C65157 /* AppDelegate.swift in Sources */,
				A6E3B84125B334AF00C65157 /* InitialExtensions.swift in Sources */,
				A6330A7F25D05F6700068DE5 /* AddButton.swift in Sources */,
				A6E3B85225B34ACB00C65157 /* ThumbnailGenerator.swift in Sources */,
				A6BB134825B4A469008C5D8A /* SettingsButton.swift in Sources */,
				A6E3B82C25B32AEB00C65157 /* NavigationViewController.swift in Sources */,
				A6BB130725B45ECB008C5D8A /* SettingsViewController.swift in Sources */,
				A6F9A77C286725430094ABE1 /* URLConvertible.swift in Sources */,
				A6E3B84E25B3495800C65157 /* DrawExtensions.swift in Sources */,
				A6CEB5172822F244009FAA84 /* PreferencesViewModel.swift in Sources */,
				A673AEDA2825718800B40EA4 /* PreferencesCell.swift in Sources */,
				A6E3B83D25B3340300C65157 /* UIView.swift in Sources */,
				A6CEB52E2823018D009FAA84 /* RootRepository.swift in Sources */,
				A6CEB5152822F23F009FAA84 /* PreferencesViewController.swift in Sources */,
				A6F9A780286729190094ABE1 /* EnvironmentDataSource.swift in Sources */,
				A6350E5425C9CEFB0059E96E /* NodeExtensions.swift in Sources */,
				A6C0D70725B9F21400336230 /* PKDrawing.swift in Sources */,
				A6659CD428675E4100D6FE75 /* UICollectionViewCell+ReusableCell.swift in Sources */,
				A6CEB53A28230CED009FAA84 /* RootNavigationController.swift in Sources */,
				A6F9A77E286726160094ABE1 /* JottreGitHubURL.swift in Sources */,
				A6E3B84B25B347C100C65157 /* DrawViewController.swift in Sources */,
				A6E3B85E25B3673C00C65157 /* UIDevice.swift in Sources */,
				A6C0D70325B9DB9D00336230 /* URL.swift in Sources */,
				A6CEB50B2822F12E009FAA84 /* Coordinator.swift in Sources */,
				A6788A5328245E7A00582729 /* UIAlert+exportNote.swift in Sources */,
				A650EE6B25C585D300830112 /* NodeDecoderExtension.swift in Sources */,
				A6BB131325B46E2D008C5D8A /* SettingsCell.swift in Sources */,
				A6F9A77828671CF30094ABE1 /* CustomUserInterfaceStyle.swift in Sources */,
				A69EB863289DB960004408FB /* AddNoteRepository.swift in Sources */,
				A6F9A77928671D590094ABE1 /* Defaults.swift in Sources */,
				A6E3B7EE25B3260200C65157 /* SceneDelegate.swift in Sources */,
				A6CEB5082822F100009FAA84 /* RootCoordinator.swift in Sources */,
				A6E3B83425B32BBC00C65157 /* Node.swift in Sources */,
				A61BB9FE25D0608B00E63CF6 /* CustomButtonBarItem.swift in Sources */,
				A6CEB5112822F22F009FAA84 /* NoteViewModel.swift in Sources */,
				A6CEB5222822F701009FAA84 /* InfoTextViewModel.swift in Sources */,
				A61A616425EEB34E0030684C /* UndoButton.swift in Sources */,
				A6CEB50F2822F229009FAA84 /* NoteViewController.swift in Sources */,
				A6E3B82F25B32B0700C65157 /* InitialViewController.swift in Sources */,
				A6788A5128245E7300582729 /* ExportNoteAlertContent.swift in Sources */,
				A6CFA37D2865EE4300E5618E /* PreferencesRepository.swift in Sources */,
				A6659CD228675E3600D6FE75 /* UITableViewCell+ReusableCell.swift in Sources */,
				A6E3B83A25B333EC00C65157 /* NodeCell.swift in Sources */,
				A65F231D25B5C1B000A0E870 /* IconSettingsCell.swift in Sources */,
				A6CEB5062822F072009FAA84 /* RootViewModel.swift in Sources */,
				A6F60F8525CAA2CC002CAAE4 /* Data.swift in Sources */,
				A6BB131B25B472F9008C5D8A /* AppearanceSettingsCell.swift in Sources */,
				A6E3B83725B32BC500C65157 /* NodeCollector.swift in Sources */,
				A6E3B82425B32ABE00C65157 /* String.swift in Sources */,
				A6DB2A092895C1D700FF2A1E /* UsingCloudEntry.swift in Sources */,
				A6659CD628675E4600D6FE75 /* ReusableCell.swift in Sources */,
				A6BB130C25B46057008C5D8A /* Settings.swift in Sources */,
				A6BB134F25B4B2D0008C5D8A /* CloudSettingsCell.swift in Sources */,
				A6659CDA28675E6100D6FE75 /* UITableView+register.swift in Sources */,
				A6CEB534282308E9009FAA84 /* UIAlert+addNote.swift in Sources */,
				A6CFA386286613C800E5618E /* ImageViewProvider.swift in Sources */,
				A6BB134C25B4AEFC008C5D8A /* SettingsExtensions.swift in Sources */,
				A6A8803E25BAB41E0080DD9D /* Downloader.swift in Sources */,
				A6CEB5242822F7FF009FAA84 /* InfoTextViewRepository.swift in Sources */,
				A6BB131025B46BA2008C5D8A /* SettingsNavigationViewController.swift in Sources */,
				A6E3B82825B32AD300C65157 /* NavigationTextButton.swift in Sources */,
				A6CEB5202822F6FB009FAA84 /* InfoTextView.swift in Sources */,
				A69EB864289DB9F7004408FB /* AddNoteCoordinator.swift in Sources */,
				A61BB9FA25D0604200E63CF6 /* ShareButton.swift in Sources */,
				A650EE6825C5819500830112 /* NodeCodable.swift in Sources */,
				A6CEB532282306A8009FAA84 /* AddNoteAlertContent.swift in Sources */,
				A6CEB52A2822F909009FAA84 /* CloudDataSource.swift in Sources */,
				A6CEB5192822F24A009FAA84 /* PreferencesCoordinator.swift in Sources */,
				A6DB2A072895C18B00FF2A1E /* PreferredUserInterfaceStyleEntry.swift in Sources */,
				A6CEB5042822F06D009FAA84 /* RootViewController.swift in Sources */,
				A6CFA3822866111C00E5618E /* PreferencesCustomViewProvider.swift in Sources */,
				A6E3B86825B374A200C65157 /* MenuActions.swift in Sources */,
				A69EB85C289DB657004408FB /* Note.swift in Sources */,
				A6DB2A102895C82200FF2A1E /* NoteCell.swift in Sources */,
				A6CEB5282822F811009FAA84 /* DeviceDataSource.swift in Sources */,
				A6CEB52C2822FD7E009FAA84 /* LocalizableStringsDataSource.swift in Sources */,
				A6CFA384286611BC00E5618E /* SwitchViewProvider.swift in Sources */,
				A6CEB5132822F234009FAA84 /* NoteCoordinator.swift in Sources */,
				A6C0D70B25B9F42400336230 /* LoadingView.swift in Sources */,
				A6E3B82125B32AB400C65157 /* Logger.swift in Sources */,
				A6CEB53728230C25009FAA84 /* PreferencesNavigationController.swift in Sources */,
				A6CFA3882866147800E5618E /* TextViewProvider.swift in Sources */,
			);
			runOnlyForDeploymentPostprocessing = 0;
		};
/* End PBXSourcesBuildPhase section */

/* Begin PBXVariantGroup section */
		A6BB134325B49FDF008C5D8A /* Localizable.strings */ = {
			isa = PBXVariantGroup;
			children = (
				A6BB134225B49FDF008C5D8A /* en */,
				A6BB134525B49FE0008C5D8A /* de */,
			);
			name = Localizable.strings;
			sourceTree = "<group>";
		};
		A6E3B7F625B3260300C65157 /* LaunchScreen.storyboard */ = {
			isa = PBXVariantGroup;
			children = (
				A6E3B7F725B3260300C65157 /* Base */,
				A6BB134025B49F81008C5D8A /* de */,
			);
			name = LaunchScreen.storyboard;
			sourceTree = "<group>";
		};
/* End PBXVariantGroup section */

/* Begin XCBuildConfiguration section */
		A6E3B7FA25B3260300C65157 /* Debug */ = {
			isa = XCBuildConfiguration;
			buildSettings = {
				ALWAYS_SEARCH_USER_PATHS = NO;
				CLANG_ANALYZER_LOCALIZABILITY_NONLOCALIZED = YES;
				CLANG_ANALYZER_NONNULL = YES;
				CLANG_ANALYZER_NUMBER_OBJECT_CONVERSION = YES_AGGRESSIVE;
				CLANG_CXX_LANGUAGE_STANDARD = "gnu++14";
				CLANG_CXX_LIBRARY = "libc++";
				CLANG_ENABLE_MODULES = YES;
				CLANG_ENABLE_OBJC_ARC = YES;
				CLANG_ENABLE_OBJC_WEAK = YES;
				CLANG_WARN_BLOCK_CAPTURE_AUTORELEASING = YES;
				CLANG_WARN_BOOL_CONVERSION = YES;
				CLANG_WARN_COMMA = YES;
				CLANG_WARN_CONSTANT_CONVERSION = YES;
				CLANG_WARN_DEPRECATED_OBJC_IMPLEMENTATIONS = YES;
				CLANG_WARN_DIRECT_OBJC_ISA_USAGE = YES_ERROR;
				CLANG_WARN_DOCUMENTATION_COMMENTS = YES;
				CLANG_WARN_EMPTY_BODY = YES;
				CLANG_WARN_ENUM_CONVERSION = YES;
				CLANG_WARN_INFINITE_RECURSION = YES;
				CLANG_WARN_INT_CONVERSION = YES;
				CLANG_WARN_NON_LITERAL_NULL_CONVERSION = YES;
				CLANG_WARN_OBJC_IMPLICIT_RETAIN_SELF = YES;
				CLANG_WARN_OBJC_LITERAL_CONVERSION = YES;
				CLANG_WARN_OBJC_ROOT_CLASS = YES_ERROR;
				CLANG_WARN_QUOTED_INCLUDE_IN_FRAMEWORK_HEADER = YES;
				CLANG_WARN_RANGE_LOOP_ANALYSIS = YES;
				CLANG_WARN_STRICT_PROTOTYPES = YES;
				CLANG_WARN_SUSPICIOUS_MOVE = YES;
				CLANG_WARN_UNGUARDED_AVAILABILITY = YES_AGGRESSIVE;
				CLANG_WARN_UNREACHABLE_CODE = YES;
				CLANG_WARN__DUPLICATE_METHOD_MATCH = YES;
				COPY_PHASE_STRIP = NO;
				DEBUG_INFORMATION_FORMAT = dwarf;
				ENABLE_STRICT_OBJC_MSGSEND = YES;
				ENABLE_TESTABILITY = YES;
				GCC_C_LANGUAGE_STANDARD = gnu11;
				GCC_DYNAMIC_NO_PIC = NO;
				GCC_NO_COMMON_BLOCKS = YES;
				GCC_OPTIMIZATION_LEVEL = 0;
				GCC_PREPROCESSOR_DEFINITIONS = (
					"DEBUG=1",
					"$(inherited)",
				);
				GCC_WARN_64_TO_32_BIT_CONVERSION = YES;
				GCC_WARN_ABOUT_RETURN_TYPE = YES_ERROR;
				GCC_WARN_UNDECLARED_SELECTOR = YES;
				GCC_WARN_UNINITIALIZED_AUTOS = YES_AGGRESSIVE;
				GCC_WARN_UNUSED_FUNCTION = YES;
				GCC_WARN_UNUSED_VARIABLE = YES;
				IPHONEOS_DEPLOYMENT_TARGET = 14.3;
				MTL_ENABLE_DEBUG_INFO = INCLUDE_SOURCE;
				MTL_FAST_MATH = YES;
				ONLY_ACTIVE_ARCH = YES;
				SDKROOT = iphoneos;
				SWIFT_ACTIVE_COMPILATION_CONDITIONS = DEBUG;
				SWIFT_OPTIMIZATION_LEVEL = "-Onone";
			};
			name = Debug;
		};
		A6E3B7FB25B3260300C65157 /* Release */ = {
			isa = XCBuildConfiguration;
			buildSettings = {
				ALWAYS_SEARCH_USER_PATHS = NO;
				CLANG_ANALYZER_LOCALIZABILITY_NONLOCALIZED = YES;
				CLANG_ANALYZER_NONNULL = YES;
				CLANG_ANALYZER_NUMBER_OBJECT_CONVERSION = YES_AGGRESSIVE;
				CLANG_CXX_LANGUAGE_STANDARD = "gnu++14";
				CLANG_CXX_LIBRARY = "libc++";
				CLANG_ENABLE_MODULES = YES;
				CLANG_ENABLE_OBJC_ARC = YES;
				CLANG_ENABLE_OBJC_WEAK = YES;
				CLANG_WARN_BLOCK_CAPTURE_AUTORELEASING = YES;
				CLANG_WARN_BOOL_CONVERSION = YES;
				CLANG_WARN_COMMA = YES;
				CLANG_WARN_CONSTANT_CONVERSION = YES;
				CLANG_WARN_DEPRECATED_OBJC_IMPLEMENTATIONS = YES;
				CLANG_WARN_DIRECT_OBJC_ISA_USAGE = YES_ERROR;
				CLANG_WARN_DOCUMENTATION_COMMENTS = YES;
				CLANG_WARN_EMPTY_BODY = YES;
				CLANG_WARN_ENUM_CONVERSION = YES;
				CLANG_WARN_INFINITE_RECURSION = YES;
				CLANG_WARN_INT_CONVERSION = YES;
				CLANG_WARN_NON_LITERAL_NULL_CONVERSION = YES;
				CLANG_WARN_OBJC_IMPLICIT_RETAIN_SELF = YES;
				CLANG_WARN_OBJC_LITERAL_CONVERSION = YES;
				CLANG_WARN_OBJC_ROOT_CLASS = YES_ERROR;
				CLANG_WARN_QUOTED_INCLUDE_IN_FRAMEWORK_HEADER = YES;
				CLANG_WARN_RANGE_LOOP_ANALYSIS = YES;
				CLANG_WARN_STRICT_PROTOTYPES = YES;
				CLANG_WARN_SUSPICIOUS_MOVE = YES;
				CLANG_WARN_UNGUARDED_AVAILABILITY = YES_AGGRESSIVE;
				CLANG_WARN_UNREACHABLE_CODE = YES;
				CLANG_WARN__DUPLICATE_METHOD_MATCH = YES;
				COPY_PHASE_STRIP = NO;
				DEBUG_INFORMATION_FORMAT = "dwarf-with-dsym";
				ENABLE_NS_ASSERTIONS = NO;
				ENABLE_STRICT_OBJC_MSGSEND = YES;
				GCC_C_LANGUAGE_STANDARD = gnu11;
				GCC_NO_COMMON_BLOCKS = YES;
				GCC_WARN_64_TO_32_BIT_CONVERSION = YES;
				GCC_WARN_ABOUT_RETURN_TYPE = YES_ERROR;
				GCC_WARN_UNDECLARED_SELECTOR = YES;
				GCC_WARN_UNINITIALIZED_AUTOS = YES_AGGRESSIVE;
				GCC_WARN_UNUSED_FUNCTION = YES;
				GCC_WARN_UNUSED_VARIABLE = YES;
				IPHONEOS_DEPLOYMENT_TARGET = 14.3;
				MTL_ENABLE_DEBUG_INFO = NO;
				MTL_FAST_MATH = YES;
				SDKROOT = iphoneos;
				SWIFT_COMPILATION_MODE = wholemodule;
				SWIFT_OPTIMIZATION_LEVEL = "-O";
				VALIDATE_PRODUCT = YES;
			};
			name = Release;
		};
		A6E3B7FD25B3260300C65157 /* Debug */ = {
			isa = XCBuildConfiguration;
			buildSettings = {
				ASSETCATALOG_COMPILER_APPICON_NAME = AppIcon;
				ASSETCATALOG_COMPILER_GLOBAL_ACCENT_COLOR_NAME = AccentColor;
				CODE_SIGN_ENTITLEMENTS = Jottre/Jottre.entitlements;
				CODE_SIGN_STYLE = Automatic;
				CURRENT_PROJECT_VERSION = 20;
				DEVELOPMENT_TEAM = Y78RPE9KK3;
				INFOPLIST_FILE = Jottre/Info.plist;
				IPHONEOS_DEPLOYMENT_TARGET = 14.1;
				LD_RUNPATH_SEARCH_PATHS = (
					"$(inherited)",
					"@executable_path/Frameworks",
				);
				MARKETING_VERSION = 1.5;
				PRODUCT_BUNDLE_IDENTIFIER = com.antonlorani.jottre;
				PRODUCT_NAME = "$(TARGET_NAME)";
				SUPPORTS_MACCATALYST = YES;
				SWIFT_VERSION = 5.0;
				TARGETED_DEVICE_FAMILY = "1,2";
			};
			name = Debug;
		};
		A6E3B7FE25B3260300C65157 /* Release */ = {
			isa = XCBuildConfiguration;
			buildSettings = {
				ASSETCATALOG_COMPILER_APPICON_NAME = AppIcon;
				ASSETCATALOG_COMPILER_GLOBAL_ACCENT_COLOR_NAME = AccentColor;
				CODE_SIGN_ENTITLEMENTS = Jottre/Jottre.entitlements;
				CODE_SIGN_STYLE = Automatic;
				CURRENT_PROJECT_VERSION = 20;
				DEVELOPMENT_TEAM = Y78RPE9KK3;
				INFOPLIST_FILE = Jottre/Info.plist;
				IPHONEOS_DEPLOYMENT_TARGET = 14.1;
				LD_RUNPATH_SEARCH_PATHS = (
					"$(inherited)",
					"@executable_path/Frameworks",
				);
				MARKETING_VERSION = 1.5;
				PRODUCT_BUNDLE_IDENTIFIER = com.antonlorani.jottre;
				PRODUCT_NAME = "$(TARGET_NAME)";
				SUPPORTS_MACCATALYST = YES;
				SWIFT_VERSION = 5.0;
				TARGETED_DEVICE_FAMILY = "1,2";
			};
			name = Release;
		};
/* End XCBuildConfiguration section */

/* Begin XCConfigurationList section */
		A6E3B7E325B3260200C65157 /* Build configuration list for PBXProject "Jottre" */ = {
			isa = XCConfigurationList;
			buildConfigurations = (
				A6E3B7FA25B3260300C65157 /* Debug */,
				A6E3B7FB25B3260300C65157 /* Release */,
			);
			defaultConfigurationIsVisible = 0;
			defaultConfigurationName = Release;
		};
		A6E3B7FC25B3260300C65157 /* Build configuration list for PBXNativeTarget "Jottre" */ = {
			isa = XCConfigurationList;
			buildConfigurations = (
				A6E3B7FD25B3260300C65157 /* Debug */,
				A6E3B7FE25B3260300C65157 /* Release */,
			);
			defaultConfigurationIsVisible = 0;
			defaultConfigurationName = Release;
		};
/* End XCConfigurationList section */
	};
	rootObject = A6E3B7E025B3260200C65157 /* Project object */;
}
